// !$*UTF8*$!
{
	archiveVersion = 1;
	classes = {
	};
	objectVersion = 46;
	objects = {

/* Begin PBXBuildFile section */
		8B071B641D3A8776003533C6 /* AppDelegate.swift in Sources */ = {isa = PBXBuildFile; fileRef = 8B071B631D3A8776003533C6 /* AppDelegate.swift */; };
		8B071B661D3A8776003533C6 /* ViewController.swift in Sources */ = {isa = PBXBuildFile; fileRef = 8B071B651D3A8776003533C6 /* ViewController.swift */; };
		8B071B691D3A8776003533C6 /* Main.storyboard in Resources */ = {isa = PBXBuildFile; fileRef = 8B071B671D3A8776003533C6 /* Main.storyboard */; };
		8B071B6B1D3A8776003533C6 /* Assets.xcassets in Resources */ = {isa = PBXBuildFile; fileRef = 8B071B6A1D3A8776003533C6 /* Assets.xcassets */; };
		8B071B6E1D3A8776003533C6 /* LaunchScreen.storyboard in Resources */ = {isa = PBXBuildFile; fileRef = 8B071B6C1D3A8776003533C6 /* LaunchScreen.storyboard */; };
		8B071B791D3A8776003533C6 /* GetCurrentTimeTests.swift in Sources */ = {isa = PBXBuildFile; fileRef = 8B071B781D3A8776003533C6 /* GetCurrentTimeTests.swift */; };
		8B071B841D3A8776003533C6 /* GetCurrentTimeUITests.swift in Sources */ = {isa = PBXBuildFile; fileRef = 8B071B831D3A8776003533C6 /* GetCurrentTimeUITests.swift */; };
/* End PBXBuildFile section */

/* Begin PBXContainerItemProxy section */
		8B071B751D3A8776003533C6 /* PBXContainerItemProxy */ = {
			isa = PBXContainerItemProxy;
			containerPortal = 8B071B581D3A8776003533C6 /* Project object */;
			proxyType = 1;
			remoteGlobalIDString = 8B071B5F1D3A8776003533C6;
			remoteInfo = GetCurrentTime;
		};
		8B071B801D3A8776003533C6 /* PBXContainerItemProxy */ = {
			isa = PBXContainerItemProxy;
			containerPortal = 8B071B581D3A8776003533C6 /* Project object */;
			proxyType = 1;
			remoteGlobalIDString = 8B071B5F1D3A8776003533C6;
			remoteInfo = GetCurrentTime;
		};
/* End PBXContainerItemProxy section */

/* Begin PBXFileReference section */
		8B071B601D3A8776003533C6 /* GetCurrentTime.app */ = {isa = PBXFileReference; explicitFileType = wrapper.application; includeInIndex = 0; path = GetCurrentTime.app; sourceTree = BUILT_PRODUCTS_DIR; };
		8B071B631D3A8776003533C6 /* AppDelegate.swift */ = {isa = PBXFileReference; lastKnownFileType = sourcecode.swift; path = AppDelegate.swift; sourceTree = "<group>"; };
		8B071B651D3A8776003533C6 /* ViewController.swift */ = {isa = PBXFileReference; lastKnownFileType = sourcecode.swift; path = ViewController.swift; sourceTree = "<group>"; };
		8B071B681D3A8776003533C6 /* Base */ = {isa = PBXFileReference; lastKnownFileType = file.storyboard; name = Base; path = Base.lproj/Main.storyboard; sourceTree = "<group>"; };
		8B071B6A1D3A8776003533C6 /* Assets.xcassets */ = {isa = PBXFileReference; lastKnownFileType = folder.assetcatalog; path = Assets.xcassets; sourceTree = "<group>"; };
		8B071B6D1D3A8776003533C6 /* Base */ = {isa = PBXFileReference; lastKnownFileType = file.storyboard; name = Base; path = Base.lproj/LaunchScreen.storyboard; sourceTree = "<group>"; };
		8B071B6F1D3A8776003533C6 /* Info.plist */ = {isa = PBXFileReference; lastKnownFileType = text.plist.xml; path = Info.plist; sourceTree = "<group>"; };
		8B071B741D3A8776003533C6 /* GetCurrentTimeTests.xctest */ = {isa = PBXFileReference; explicitFileType = wrapper.cfbundle; includeInIndex = 0; path = GetCurrentTimeTests.xctest; sourceTree = BUILT_PRODUCTS_DIR; };
		8B071B781D3A8776003533C6 /* GetCurrentTimeTests.swift */ = {isa = PBXFileReference; lastKnownFileType = sourcecode.swift; path = GetCurrentTimeTests.swift; sourceTree = "<group>"; };
		8B071B7A1D3A8776003533C6 /* Info.plist */ = {isa = PBXFileReference; lastKnownFileType = text.plist.xml; path = Info.plist; sourceTree = "<group>"; };
		8B071B7F1D3A8776003533C6 /* GetCurrentTimeUITests.xctest */ = {isa = PBXFileReference; explicitFileType = wrapper.cfbundle; includeInIndex = 0; path = GetCurrentTimeUITests.xctest; sourceTree = BUILT_PRODUCTS_DIR; };
		8B071B831D3A8776003533C6 /* GetCurrentTimeUITests.swift */ = {isa = PBXFileReference; lastKnownFileType = sourcecode.swift; path = GetCurrentTimeUITests.swift; sourceTree = "<group>"; };
		8B071B851D3A8776003533C6 /* Info.plist */ = {isa = PBXFileReference; lastKnownFileType = text.plist.xml; path = Info.plist; sourceTree = "<group>"; };
/* End PBXFileReference section */

/* Begin PBXFrameworksBuildPhase section */
		8B071B5D1D3A8776003533C6 /* Frameworks */ = {
			isa = PBXFrameworksBuildPhase;
			buildActionMask = 2147483647;
			files = (
			);
			runOnlyForDeploymentPostprocessing = 0;
		};
		8B071B711D3A8776003533C6 /* Frameworks */ = {
			isa = PBXFrameworksBuildPhase;
			buildActionMask = 2147483647;
			files = (
			);
			runOnlyForDeploymentPostprocessing = 0;
		};
		8B071B7C1D3A8776003533C6 /* Frameworks */ = {
			isa = PBXFrameworksBuildPhase;
			buildActionMask = 2147483647;
			files = (
			);
			runOnlyForDeploymentPostprocessing = 0;
		};
/* End PBXFrameworksBuildPhase section */

/* Begin PBXGroup section */
		8B071B571D3A8776003533C6 = {
			isa = PBXGroup;
			children = (
				8B071B621D3A8776003533C6 /* GetCurrentTime */,
				8B071B771D3A8776003533C6 /* GetCurrentTimeTests */,
				8B071B821D3A8776003533C6 /* GetCurrentTimeUITests */,
				8B071B611D3A8776003533C6 /* Products */,
			);
			sourceTree = "<group>";
		};
		8B071B611D3A8776003533C6 /* Products */ = {
			isa = PBXGroup;
			children = (
				8B071B601D3A8776003533C6 /* GetCurrentTime.app */,
				8B071B741D3A8776003533C6 /* GetCurrentTimeTests.xctest */,
				8B071B7F1D3A8776003533C6 /* GetCurrentTimeUITests.xctest */,
			);
			name = Products;
			sourceTree = "<group>";
		};
		8B071B621D3A8776003533C6 /* GetCurrentTime */ = {
			isa = PBXGroup;
			children = (
				8B071B631D3A8776003533C6 /* AppDelegate.swift */,
				8B071B651D3A8776003533C6 /* ViewController.swift */,
				8B071B671D3A8776003533C6 /* Main.storyboard */,
				8B071B6A1D3A8776003533C6 /* Assets.xcassets */,
				8B071B6C1D3A8776003533C6 /* LaunchScreen.storyboard */,
				8B071B6F1D3A8776003533C6 /* Info.plist */,
			);
			path = GetCurrentTime;
			sourceTree = "<group>";
		};
		8B071B771D3A8776003533C6 /* GetCurrentTimeTests */ = {
			isa = PBXGroup;
			children = (
				8B071B781D3A8776003533C6 /* GetCurrentTimeTests.swift */,
				8B071B7A1D3A8776003533C6 /* Info.plist */,
			);
			path = GetCurrentTimeTests;
			sourceTree = "<group>";
		};
		8B071B821D3A8776003533C6 /* GetCurrentTimeUITests */ = {
			isa = PBXGroup;
			children = (
				8B071B831D3A8776003533C6 /* GetCurrentTimeUITests.swift */,
				8B071B851D3A8776003533C6 /* Info.plist */,
			);
			path = GetCurrentTimeUITests;
			sourceTree = "<group>";
		};
/* End PBXGroup section */

/* Begin PBXNativeTarget section */
		8B071B5F1D3A8776003533C6 /* GetCurrentTime */ = {
			isa = PBXNativeTarget;
			buildConfigurationList = 8B071B881D3A8776003533C6 /* Build configuration list for PBXNativeTarget "GetCurrentTime" */;
			buildPhases = (
				8B071B5C1D3A8776003533C6 /* Sources */,
				8B071B5D1D3A8776003533C6 /* Frameworks */,
				8B071B5E1D3A8776003533C6 /* Resources */,
			);
			buildRules = (
			);
			dependencies = (
			);
			name = GetCurrentTime;
			productName = GetCurrentTime;
			productReference = 8B071B601D3A8776003533C6 /* GetCurrentTime.app */;
			productType = "com.apple.product-type.application";
		};
		8B071B731D3A8776003533C6 /* GetCurrentTimeTests */ = {
			isa = PBXNativeTarget;
			buildConfigurationList = 8B071B8B1D3A8776003533C6 /* Build configuration list for PBXNativeTarget "GetCurrentTimeTests" */;
			buildPhases = (
				8B071B701D3A8776003533C6 /* Sources */,
				8B071B711D3A8776003533C6 /* Frameworks */,
				8B071B721D3A8776003533C6 /* Resources */,
			);
			buildRules = (
			);
			dependencies = (
				8B071B761D3A8776003533C6 /* PBXTargetDependency */,
			);
			name = GetCurrentTimeTests;
			productName = GetCurrentTimeTests;
			productReference = 8B071B741D3A8776003533C6 /* GetCurrentTimeTests.xctest */;
			productType = "com.apple.product-type.bundle.unit-test";
		};
		8B071B7E1D3A8776003533C6 /* GetCurrentTimeUITests */ = {
			isa = PBXNativeTarget;
			buildConfigurationList = 8B071B8E1D3A8776003533C6 /* Build configuration list for PBXNativeTarget "GetCurrentTimeUITests" */;
			buildPhases = (
				8B071B7B1D3A8776003533C6 /* Sources */,
				8B071B7C1D3A8776003533C6 /* Frameworks */,
				8B071B7D1D3A8776003533C6 /* Resources */,
			);
			buildRules = (
			);
			dependencies = (
				8B071B811D3A8776003533C6 /* PBXTargetDependency */,
			);
			name = GetCurrentTimeUITests;
			productName = GetCurrentTimeUITests;
			productReference = 8B071B7F1D3A8776003533C6 /* GetCurrentTimeUITests.xctest */;
			productType = "com.apple.product-type.bundle.ui-testing";
		};
/* End PBXNativeTarget section */

/* Begin PBXProject section */
		8B071B581D3A8776003533C6 /* Project object */ = {
			isa = PBXProject;
			attributes = {
				LastSwiftUpdateCheck = 0730;
				LastUpgradeCheck = 0730;
				ORGANIZATIONNAME = "Boshi Li";
				TargetAttributes = {
					8B071B5F1D3A8776003533C6 = {
						CreatedOnToolsVersion = 7.3.1;
						DevelopmentTeam = ZK629W38T6;
					};
					8B071B731D3A8776003533C6 = {
						CreatedOnToolsVersion = 7.3.1;
						DevelopmentTeam = ZK629W38T6;
						TestTargetID = 8B071B5F1D3A8776003533C6;
					};
					8B071B7E1D3A8776003533C6 = {
						CreatedOnToolsVersion = 7.3.1;
						DevelopmentTeam = ZK629W38T6;
						TestTargetID = 8B071B5F1D3A8776003533C6;
					};
				};
			};
			buildConfigurationList = 8B071B5B1D3A8776003533C6 /* Build configuration list for PBXProject "GetCurrentTime" */;
			compatibilityVersion = "Xcode 3.2";
			developmentRegion = English;
			hasScannedForEncodings = 0;
			knownRegions = (
				en,
				Base,
			);
			mainGroup = 8B071B571D3A8776003533C6;
			productRefGroup = 8B071B611D3A8776003533C6 /* Products */;
			projectDirPath = "";
			projectRoot = "";
			targets = (
				8B071B5F1D3A8776003533C6 /* GetCurrentTime */,
				8B071B731D3A8776003533C6 /* GetCurrentTimeTests */,
				8B071B7E1D3A8776003533C6 /* GetCurrentTimeUITests */,
			);
		};
/* End PBXProject section */

/* Begin PBXResourcesBuildPhase section */
		8B071B5E1D3A8776003533C6 /* Resources */ = {
			isa = PBXResourcesBuildPhase;
			buildActionMask = 2147483647;
			files = (
				8B071B6E1D3A8776003533C6 /* LaunchScreen.storyboard in Resources */,
				8B071B6B1D3A8776003533C6 /* Assets.xcassets in Resources */,
				8B071B691D3A8776003533C6 /* Main.storyboard in Resources */,
			);
			runOnlyForDeploymentPostprocessing = 0;
		};
		8B071B721D3A8776003533C6 /* Resources */ = {
			isa = PBXResourcesBuildPhase;
			buildActionMask = 2147483647;
			files = (
			);
			runOnlyForDeploymentPostprocessing = 0;
		};
		8B071B7D1D3A8776003533C6 /* Resources */ = {
			isa = PBXResourcesBuildPhase;
			buildActionMask = 2147483647;
			files = (
			);
			runOnlyForDeploymentPostprocessing = 0;
		};
/* End PBXResourcesBuildPhase section */

/* Begin PBXSourcesBuildPhase section */
		8B071B5C1D3A8776003533C6 /* Sources */ = {
			isa = PBXSourcesBuildPhase;
			buildActionMask = 2147483647;
			files = (
				8B071B661D3A8776003533C6 /* ViewController.swift in Sources */,
				8B071B641D3A8776003533C6 /* AppDelegate.swift in Sources */,
			);
			runOnlyForDeploymentPostprocessing = 0;
		};
		8B071B701D3A8776003533C6 /* Sources */ = {
			isa = PBXSourcesBuildPhase;
			buildActionMask = 2147483647;
			files = (
				8B071B791D3A8776003533C6 /* GetCurrentTimeTests.swift in Sources */,
			);
			runOnlyForDeploymentPostprocessing = 0;
		};
		8B071B7B1D3A8776003533C6 /* Sources */ = {
			isa = PBXSourcesBuildPhase;
			buildActionMask = 2147483647;
			files = (
				8B071B841D3A8776003533C6 /* GetCurrentTimeUITests.swift in Sources */,
			);
			runOnlyForDeploymentPostprocessing = 0;
		};
/* End PBXSourcesBuildPhase section */

/* Begin PBXTargetDependency section */
		8B071B761D3A8776003533C6 /* PBXTargetDependency */ = {
			isa = PBXTargetDependency;
			target = 8B071B5F1D3A8776003533C6 /* GetCurrentTime */;
			targetProxy = 8B071B751D3A8776003533C6 /* PBXContainerItemProxy */;
		};
		8B071B811D3A8776003533C6 /* PBXTargetDependency */ = {
			isa = PBXTargetDependency;
			target = 8B071B5F1D3A8776003533C6 /* GetCurrentTime */;
			targetProxy = 8B071B801D3A8776003533C6 /* PBXContainerItemProxy */;
		};
/* End PBXTargetDependency section */

/* Begin PBXVariantGroup section */
		8B071B671D3A8776003533C6 /* Main.storyboard */ = {
			isa = PBXVariantGroup;
			children = (
				8B071B681D3A8776003533C6 /* Base */,
			);
			name = Main.storyboard;
			sourceTree = "<group>";
		};
		8B071B6C1D3A8776003533C6 /* LaunchScreen.storyboard */ = {
			isa = PBXVariantGroup;
			children = (
				8B071B6D1D3A8776003533C6 /* Base */,
			);
			name = LaunchScreen.storyboard;
			sourceTree = "<group>";
		};
/* End PBXVariantGroup section */

/* Begin XCBuildConfiguration section */
		8B071B861D3A8776003533C6 /* Debug */ = {
			isa = XCBuildConfiguration;
			buildSettings = {
				ALWAYS_SEARCH_USER_PATHS = NO;
				CLANG_ANALYZER_NONNULL = YES;
				CLANG_CXX_LANGUAGE_STANDARD = "gnu++0x";
				CLANG_CXX_LIBRARY = "libc++";
				CLANG_ENABLE_MODULES = YES;
				CLANG_ENABLE_OBJC_ARC = YES;
				CLANG_WARN_BOOL_CONVERSION = YES;
				CLANG_WARN_CONSTANT_CONVERSION = YES;
				CLANG_WARN_DIRECT_OBJC_ISA_USAGE = YES_ERROR;
				CLANG_WARN_EMPTY_BODY = YES;
				CLANG_WARN_ENUM_CONVERSION = YES;
				CLANG_WARN_INT_CONVERSION = YES;
				CLANG_WARN_OBJC_ROOT_CLASS = YES_ERROR;
				CLANG_WARN_UNREACHABLE_CODE = YES;
				CLANG_WARN__DUPLICATE_METHOD_MATCH = YES;
				"CODE_SIGN_IDENTITY[sdk=iphoneos*]" = "iPhone Developer";
				COPY_PHASE_STRIP = NO;
				DEBUG_INFORMATION_FORMAT = dwarf;
				ENABLE_STRICT_OBJC_MSGSEND = YES;
				ENABLE_TESTABILITY = YES;
				GCC_C_LANGUAGE_STANDARD = gnu99;
				GCC_DYNAMIC_NO_PIC = NO;
				GCC_NO_COMMON_BLOCKS = YES;
				GCC_OPTIMIZATION_LEVEL = 0;
				GCC_PREPROCESSOR_DEFINITIONS = (
					"DEBUG=1",
					"$(inherited)",
				);
				GCC_WARN_64_TO_32_BIT_CONVERSION = YES;
				GCC_WARN_ABOUT_RETURN_TYPE = YES_ERROR;
				GCC_WARN_UNDECLARED_SELECTOR = YES;
				GCC_WARN_UNINITIALIZED_AUTOS = YES_AGGRESSIVE;
				GCC_WARN_UNUSED_FUNCTION = YES;
				GCC_WARN_UNUSED_VARIABLE = YES;
				IPHONEOS_DEPLOYMENT_TARGET = 9.3;
				MTL_ENABLE_DEBUG_INFO = YES;
				ONLY_ACTIVE_ARCH = YES;
				SDKROOT = iphoneos;
				SWIFT_OPTIMIZATION_LEVEL = "-Onone";
			};
			name = Debug;
		};
		8B071B871D3A8776003533C6 /* Release */ = {
			isa = XCBuildConfiguration;
			buildSettings = {
				ALWAYS_SEARCH_USER_PATHS = NO;
				CLANG_ANALYZER_NONNULL = YES;
				CLANG_CXX_LANGUAGE_STANDARD = "gnu++0x";
				CLANG_CXX_LIBRARY = "libc++";
				CLANG_ENABLE_MODULES = YES;
				CLANG_ENABLE_OBJC_ARC = YES;
				CLANG_WARN_BOOL_CONVERSION = YES;
				CLANG_WARN_CONSTANT_CONVERSION = YES;
				CLANG_WARN_DIRECT_OBJC_ISA_USAGE = YES_ERROR;
				CLANG_WARN_EMPTY_BODY = YES;
				CLANG_WARN_ENUM_CONVERSION = YES;
				CLANG_WARN_INT_CONVERSION = YES;
				CLANG_WARN_OBJC_ROOT_CLASS = YES_ERROR;
				CLANG_WARN_UNREACHABLE_CODE = YES;
				CLANG_WARN__DUPLICATE_METHOD_MATCH = YES;
				"CODE_SIGN_IDENTITY[sdk=iphoneos*]" = "iPhone Developer";
				COPY_PHASE_STRIP = NO;
				DEBUG_INFORMATION_FORMAT = "dwarf-with-dsym";
				ENABLE_NS_ASSERTIONS = NO;
				ENABLE_STRICT_OBJC_MSGSEND = YES;
				GCC_C_LANGUAGE_STANDARD = gnu99;
				GCC_NO_COMMON_BLOCKS = YES;
				GCC_WARN_64_TO_32_BIT_CONVERSION = YES;
				GCC_WARN_ABOUT_RETURN_TYPE = YES_ERROR;
				GCC_WARN_UNDECLARED_SELECTOR = YES;
				GCC_WARN_UNINITIALIZED_AUTOS = YES_AGGRESSIVE;
				GCC_WARN_UNUSED_FUNCTION = YES;
				GCC_WARN_UNUSED_VARIABLE = YES;
				IPHONEOS_DEPLOYMENT_TARGET = 9.3;
				MTL_ENABLE_DEBUG_INFO = NO;
				SDKROOT = iphoneos;
				VALIDATE_PRODUCT = YES;
			};
			name = Release;
		};
		8B071B891D3A8776003533C6 /* Debug */ = {
			isa = XCBuildConfiguration;
			buildSettings = {
				ASSETCATALOG_COMPILER_APPICON_NAME = AppIcon;
				INFOPLIST_FILE = GetCurrentTime/Info.plist;
				LD_RUNPATH_SEARCH_PATHS = "$(inherited) @executable_path/Frameworks";
				PRODUCT_BUNDLE_IDENTIFIER = com.Boshi.GetCurrentTime;
				PRODUCT_NAME = "$(TARGET_NAME)";
			};
			name = Debug;
		};
		8B071B8A1D3A8776003533C6 /* Release */ = {
			isa = XCBuildConfiguration;
			buildSettings = {
				ASSETCATALOG_COMPILER_APPICON_NAME = AppIcon;
				INFOPLIST_FILE = GetCurrentTime/Info.plist;
				LD_RUNPATH_SEARCH_PATHS = "$(inherited) @executable_path/Frameworks";
				PRODUCT_BUNDLE_IDENTIFIER = com.Boshi.GetCurrentTime;
				PRODUCT_NAME = "$(TARGET_NAME)";
			};
			name = Release;
		};
		8B071B8C1D3A8776003533C6 /* Debug */ = {
			isa = XCBuildConfiguration;
			buildSettings = {
				BUNDLE_LOADER = "$(TEST_HOST)";
				INFOPLIST_FILE = GetCurrentTimeTests/Info.plist;
				LD_RUNPATH_SEARCH_PATHS = "$(inherited) @executable_path/Frameworks @loader_path/Frameworks";
				PRODUCT_BUNDLE_IDENTIFIER = com.Boshi.GetCurrentTimeTests;
				PRODUCT_NAME = "$(TARGET_NAME)";
				TEST_HOST = "$(BUILT_PRODUCTS_DIR)/GetCurrentTime.app/GetCurrentTime";
			};
			name = Debug;
		};
		8B071B8D1D3A8776003533C6 /* Release */ = {
			isa = XCBuildConfiguration;
			buildSettings = {
				BUNDLE_LOADER = "$(TEST_HOST)";
				INFOPLIST_FILE = GetCurrentTimeTests/Info.plist;
				LD_RUNPATH_SEARCH_PATHS = "$(inherited) @executable_path/Frameworks @loader_path/Frameworks";
				PRODUCT_BUNDLE_IDENTIFIER = com.Boshi.GetCurrentTimeTests;
				PRODUCT_NAME = "$(TARGET_NAME)";
				TEST_HOST = "$(BUILT_PRODUCTS_DIR)/GetCurrentTime.app/GetCurrentTime";
			};
			name = Release;
		};
		8B071B8F1D3A8776003533C6 /* Debug */ = {
			isa = XCBuildConfiguration;
			buildSettings = {
				INFOPLIST_FILE = GetCurrentTimeUITests/Info.plist;
				LD_RUNPATH_SEARCH_PATHS = "$(inherited) @executable_path/Frameworks @loader_path/Frameworks";
				PRODUCT_BUNDLE_IDENTIFIER = com.Boshi.GetCurrentTimeUITests;
				PRODUCT_NAME = "$(TARGET_NAME)";
				TEST_TARGET_NAME = GetCurrentTime;
			};
			name = Debug;
		};
		8B071B901D3A8776003533C6 /* Release */ = {
			isa = XCBuildConfiguration;
			buildSettings = {
				INFOPLIST_FILE = GetCurrentTimeUITests/Info.plist;
				LD_RUNPATH_SEARCH_PATHS = "$(inherited) @executable_path/Frameworks @loader_path/Frameworks";
				PRODUCT_BUNDLE_IDENTIFIER = com.Boshi.GetCurrentTimeUITests;
				PRODUCT_NAME = "$(TARGET_NAME)";
				TEST_TARGET_NAME = GetCurrentTime;
			};
			name = Release;
		};
/* End XCBuildConfiguration section */

/* Begin XCConfigurationList section */
		8B071B5B1D3A8776003533C6 /* Build configuration list for PBXProject "GetCurrentTime" */ = {
			isa = XCConfigurationList;
			buildConfigurations = (
				8B071B861D3A8776003533C6 /* Debug */,
				8B071B871D3A8776003533C6 /* Release */,
			);
			defaultConfigurationIsVisible = 0;
			defaultConfigurationName = Release;
		};
		8B071B881D3A8776003533C6 /* Build configuration list for PBXNativeTarget "GetCurrentTime" */ = {
			isa = XCConfigurationList;
			buildConfigurations = (
				8B071B891D3A8776003533C6 /* Debug */,
				8B071B8A1D3A8776003533C6 /* Release */,
			);
			defaultConfigurationIsVisible = 0;
		};
		8B071B8B1D3A8776003533C6 /* Build configuration list for PBXNativeTarget "GetCurrentTimeTests" */ = {
			isa = XCConfigurationList;
			buildConfigurations = (
				8B071B8C1D3A8776003533C6 /* Debug */,
				8B071B8D1D3A8776003533C6 /* Release */,
			);
			defaultConfigurationIsVisible = 0;
		};
		8B071B8E1D3A8776003533C6 /* Build configuration list for PBXNativeTarget "GetCurrentTimeUITests" */ = {
			isa = XCConfigurationList;
			buildConfigurations = (
				8B071B8F1D3A8776003533C6 /* Debug */,
				8B071B901D3A8776003533C6 /* Release */,
			);
			defaultConfigurationIsVisible = 0;
		};
/* End XCConfigurationList section */
	};
	rootObject = 8B071B581D3A8776003533C6 /* Project object */;
}
