// !$*UTF8*$!
{
	archiveVersion = 1;
	classes = {
	};
	objectVersion = 46;
	objects = {

/* Begin PBXBuildFile section */
		8B43387A1D8FA46500BBDC8C /* currentTimeModel.swift in Sources */ = {isa = PBXBuildFile; fileRef = 8B4338791D8FA46500BBDC8C /* currentTimeModel.swift */; };
		8B6F42EE1D8E5009009F778F /* AppDelegate.swift in Sources */ = {isa = PBXBuildFile; fileRef = 8B6F42ED1D8E5009009F778F /* AppDelegate.swift */; };
		8B6F42F01D8E5009009F778F /* ViewController.swift in Sources */ = {isa = PBXBuildFile; fileRef = 8B6F42EF1D8E5009009F778F /* ViewController.swift */; };
		8B6F42F31D8E5009009F778F /* Main.storyboard in Resources */ = {isa = PBXBuildFile; fileRef = 8B6F42F11D8E5009009F778F /* Main.storyboard */; };
		8B6F42F51D8E5009009F778F /* Assets.xcassets in Resources */ = {isa = PBXBuildFile; fileRef = 8B6F42F41D8E5009009F778F /* Assets.xcassets */; };
		8B6F42F81D8E5009009F778F /* LaunchScreen.storyboard in Resources */ = {isa = PBXBuildFile; fileRef = 8B6F42F61D8E5009009F778F /* LaunchScreen.storyboard */; };
		8B6F43031D8E5009009F778F /* GetCurrentTimeAndDateTests.swift in Sources */ = {isa = PBXBuildFile; fileRef = 8B6F43021D8E5009009F778F /* GetCurrentTimeAndDateTests.swift */; };
		8B6F430E1D8E5009009F778F /* GetCurrentTimeAndDateUITests.swift in Sources */ = {isa = PBXBuildFile; fileRef = 8B6F430D1D8E5009009F778F /* GetCurrentTimeAndDateUITests.swift */; };
/* End PBXBuildFile section */

/* Begin PBXContainerItemProxy section */
		8B6F42FF1D8E5009009F778F /* PBXContainerItemProxy */ = {
			isa = PBXContainerItemProxy;
			containerPortal = 8B6F42E21D8E5009009F778F /* Project object */;
			proxyType = 1;
			remoteGlobalIDString = 8B6F42E91D8E5009009F778F;
			remoteInfo = GetCurrentTimeAndDate;
		};
		8B6F430A1D8E5009009F778F /* PBXContainerItemProxy */ = {
			isa = PBXContainerItemProxy;
			containerPortal = 8B6F42E21D8E5009009F778F /* Project object */;
			proxyType = 1;
			remoteGlobalIDString = 8B6F42E91D8E5009009F778F;
			remoteInfo = GetCurrentTimeAndDate;
		};
/* End PBXContainerItemProxy section */

/* Begin PBXFileReference section */
		8B4338791D8FA46500BBDC8C /* currentTimeModel.swift */ = {isa = PBXFileReference; fileEncoding = 4; lastKnownFileType = sourcecode.swift; path = currentTimeModel.swift; sourceTree = "<group>"; };
		8B6F42EA1D8E5009009F778F /* GetCurrentTimeAndDate.app */ = {isa = PBXFileReference; explicitFileType = wrapper.application; includeInIndex = 0; path = GetCurrentTimeAndDate.app; sourceTree = BUILT_PRODUCTS_DIR; };
		8B6F42ED1D8E5009009F778F /* AppDelegate.swift */ = {isa = PBXFileReference; lastKnownFileType = sourcecode.swift; path = AppDelegate.swift; sourceTree = "<group>"; };
		8B6F42EF1D8E5009009F778F /* ViewController.swift */ = {isa = PBXFileReference; lastKnownFileType = sourcecode.swift; path = ViewController.swift; sourceTree = "<group>"; };
		8B6F42F21D8E5009009F778F /* Base */ = {isa = PBXFileReference; lastKnownFileType = file.storyboard; name = Base; path = Base.lproj/Main.storyboard; sourceTree = "<group>"; };
		8B6F42F41D8E5009009F778F /* Assets.xcassets */ = {isa = PBXFileReference; lastKnownFileType = folder.assetcatalog; path = Assets.xcassets; sourceTree = "<group>"; };
		8B6F42F71D8E5009009F778F /* Base */ = {isa = PBXFileReference; lastKnownFileType = file.storyboard; name = Base; path = Base.lproj/LaunchScreen.storyboard; sourceTree = "<group>"; };
		8B6F42F91D8E5009009F778F /* Info.plist */ = {isa = PBXFileReference; lastKnownFileType = text.plist.xml; path = Info.plist; sourceTree = "<group>"; };
		8B6F42FE1D8E5009009F778F /* GetCurrentTimeAndDateTests.xctest */ = {isa = PBXFileReference; explicitFileType = wrapper.cfbundle; includeInIndex = 0; path = GetCurrentTimeAndDateTests.xctest; sourceTree = BUILT_PRODUCTS_DIR; };
		8B6F43021D8E5009009F778F /* GetCurrentTimeAndDateTests.swift */ = {isa = PBXFileReference; lastKnownFileType = sourcecode.swift; path = GetCurrentTimeAndDateTests.swift; sourceTree = "<group>"; };
		8B6F43041D8E5009009F778F /* Info.plist */ = {isa = PBXFileReference; lastKnownFileType = text.plist.xml; path = Info.plist; sourceTree = "<group>"; };
		8B6F43091D8E5009009F778F /* GetCurrentTimeAndDateUITests.xctest */ = {isa = PBXFileReference; explicitFileType = wrapper.cfbundle; includeInIndex = 0; path = GetCurrentTimeAndDateUITests.xctest; sourceTree = BUILT_PRODUCTS_DIR; };
		8B6F430D1D8E5009009F778F /* GetCurrentTimeAndDateUITests.swift */ = {isa = PBXFileReference; lastKnownFileType = sourcecode.swift; path = GetCurrentTimeAndDateUITests.swift; sourceTree = "<group>"; };
		8B6F430F1D8E5009009F778F /* Info.plist */ = {isa = PBXFileReference; lastKnownFileType = text.plist.xml; path = Info.plist; sourceTree = "<group>"; };
/* End PBXFileReference section */

/* Begin PBXFrameworksBuildPhase section */
		8B6F42E71D8E5009009F778F /* Frameworks */ = {
			isa = PBXFrameworksBuildPhase;
			buildActionMask = 2147483647;
			files = (
			);
			runOnlyForDeploymentPostprocessing = 0;
		};
		8B6F42FB1D8E5009009F778F /* Frameworks */ = {
			isa = PBXFrameworksBuildPhase;
			buildActionMask = 2147483647;
			files = (
			);
			runOnlyForDeploymentPostprocessing = 0;
		};
		8B6F43061D8E5009009F778F /* Frameworks */ = {
			isa = PBXFrameworksBuildPhase;
			buildActionMask = 2147483647;
			files = (
			);
			runOnlyForDeploymentPostprocessing = 0;
		};
/* End PBXFrameworksBuildPhase section */

/* Begin PBXGroup section */
		8B6F42E11D8E5009009F778F = {
			isa = PBXGroup;
			children = (
				8B6F42EC1D8E5009009F778F /* GetCurrentTimeAndDate */,
				8B6F43011D8E5009009F778F /* GetCurrentTimeAndDateTests */,
				8B6F430C1D8E5009009F778F /* GetCurrentTimeAndDateUITests */,
				8B6F42EB1D8E5009009F778F /* Products */,
			);
			sourceTree = "<group>";
		};
		8B6F42EB1D8E5009009F778F /* Products */ = {
			isa = PBXGroup;
			children = (
				8B6F42EA1D8E5009009F778F /* GetCurrentTimeAndDate.app */,
				8B6F42FE1D8E5009009F778F /* GetCurrentTimeAndDateTests.xctest */,
				8B6F43091D8E5009009F778F /* GetCurrentTimeAndDateUITests.xctest */,
			);
			name = Products;
			sourceTree = "<group>";
		};
		8B6F42EC1D8E5009009F778F /* GetCurrentTimeAndDate */ = {
			isa = PBXGroup;
			children = (
				8B6F431B1D8E5036009F778F /* Group */,
				8B6F42EF1D8E5009009F778F /* ViewController.swift */,
				8B4338791D8FA46500BBDC8C /* currentTimeModel.swift */,
				8B6F42F11D8E5009009F778F /* Main.storyboard */,
				8B6F42F41D8E5009009F778F /* Assets.xcassets */,
			);
			path = GetCurrentTimeAndDate;
			sourceTree = "<group>";
		};
		8B6F43011D8E5009009F778F /* GetCurrentTimeAndDateTests */ = {
			isa = PBXGroup;
			children = (
				8B6F43021D8E5009009F778F /* GetCurrentTimeAndDateTests.swift */,
				8B6F43041D8E5009009F778F /* Info.plist */,
			);
			path = GetCurrentTimeAndDateTests;
			sourceTree = "<group>";
		};
		8B6F430C1D8E5009009F778F /* GetCurrentTimeAndDateUITests */ = {
			isa = PBXGroup;
			children = (
				8B6F430D1D8E5009009F778F /* GetCurrentTimeAndDateUITests.swift */,
				8B6F430F1D8E5009009F778F /* Info.plist */,
			);
			path = GetCurrentTimeAndDateUITests;
			sourceTree = "<group>";
		};
		8B6F431B1D8E5036009F778F /* Group */ = {
			isa = PBXGroup;
			children = (
				8B6F42ED1D8E5009009F778F /* AppDelegate.swift */,
				8B6F42F61D8E5009009F778F /* LaunchScreen.storyboard */,
				8B6F42F91D8E5009009F778F /* Info.plist */,
			);
			name = Group;
			sourceTree = "<group>";
		};
/* End PBXGroup section */

/* Begin PBXNativeTarget section */
		8B6F42E91D8E5009009F778F /* GetCurrentTimeAndDate */ = {
			isa = PBXNativeTarget;
			buildConfigurationList = 8B6F43121D8E5009009F778F /* Build configuration list for PBXNativeTarget "GetCurrentTimeAndDate" */;
			buildPhases = (
				8B6F42E61D8E5009009F778F /* Sources */,
				8B6F42E71D8E5009009F778F /* Frameworks */,
				8B6F42E81D8E5009009F778F /* Resources */,
			);
			buildRules = (
			);
			dependencies = (
			);
			name = GetCurrentTimeAndDate;
			productName = GetCurrentTimeAndDate;
			productReference = 8B6F42EA1D8E5009009F778F /* GetCurrentTimeAndDate.app */;
			productType = "com.apple.product-type.application";
		};
		8B6F42FD1D8E5009009F778F /* GetCurrentTimeAndDateTests */ = {
			isa = PBXNativeTarget;
			buildConfigurationList = 8B6F43151D8E5009009F778F /* Build configuration list for PBXNativeTarget "GetCurrentTimeAndDateTests" */;
			buildPhases = (
				8B6F42FA1D8E5009009F778F /* Sources */,
				8B6F42FB1D8E5009009F778F /* Frameworks */,
				8B6F42FC1D8E5009009F778F /* Resources */,
			);
			buildRules = (
			);
			dependencies = (
				8B6F43001D8E5009009F778F /* PBXTargetDependency */,
			);
			name = GetCurrentTimeAndDateTests;
			productName = GetCurrentTimeAndDateTests;
			productReference = 8B6F42FE1D8E5009009F778F /* GetCurrentTimeAndDateTests.xctest */;
			productType = "com.apple.product-type.bundle.unit-test";
		};
		8B6F43081D8E5009009F778F /* GetCurrentTimeAndDateUITests */ = {
			isa = PBXNativeTarget;
			buildConfigurationList = 8B6F43181D8E5009009F778F /* Build configuration list for PBXNativeTarget "GetCurrentTimeAndDateUITests" */;
			buildPhases = (
				8B6F43051D8E5009009F778F /* Sources */,
				8B6F43061D8E5009009F778F /* Frameworks */,
				8B6F43071D8E5009009F778F /* Resources */,
			);
			buildRules = (
			);
			dependencies = (
				8B6F430B1D8E5009009F778F /* PBXTargetDependency */,
			);
			name = GetCurrentTimeAndDateUITests;
			productName = GetCurrentTimeAndDateUITests;
			productReference = 8B6F43091D8E5009009F778F /* GetCurrentTimeAndDateUITests.xctest */;
			productType = "com.apple.product-type.bundle.ui-testing";
		};
/* End PBXNativeTarget section */

/* Begin PBXProject section */
		8B6F42E21D8E5009009F778F /* Project object */ = {
			isa = PBXProject;
			attributes = {
				LastSwiftUpdateCheck = 0800;
				LastUpgradeCheck = 0800;
				ORGANIZATIONNAME = "iOSTraingCamp_Boshi Li";
				TargetAttributes = {
					8B6F42E91D8E5009009F778F = {
						CreatedOnToolsVersion = 8.0;
						DevelopmentTeam = ZK629W38T6;
						ProvisioningStyle = Automatic;
					};
					8B6F42FD1D8E5009009F778F = {
						CreatedOnToolsVersion = 8.0;
						DevelopmentTeam = ZK629W38T6;
						ProvisioningStyle = Automatic;
						TestTargetID = 8B6F42E91D8E5009009F778F;
					};
					8B6F43081D8E5009009F778F = {
						CreatedOnToolsVersion = 8.0;
						DevelopmentTeam = ZK629W38T6;
						ProvisioningStyle = Automatic;
						TestTargetID = 8B6F42E91D8E5009009F778F;
					};
				};
			};
			buildConfigurationList = 8B6F42E51D8E5009009F778F /* Build configuration list for PBXProject "GetCurrentTimeAndDate" */;
			compatibilityVersion = "Xcode 3.2";
			developmentRegion = English;
			hasScannedForEncodings = 0;
			knownRegions = (
				en,
				Base,
			);
			mainGroup = 8B6F42E11D8E5009009F778F;
			productRefGroup = 8B6F42EB1D8E5009009F778F /* Products */;
			projectDirPath = "";
			projectRoot = "";
			targets = (
				8B6F42E91D8E5009009F778F /* GetCurrentTimeAndDate */,
				8B6F42FD1D8E5009009F778F /* GetCurrentTimeAndDateTests */,
				8B6F43081D8E5009009F778F /* GetCurrentTimeAndDateUITests */,
			);
		};
/* End PBXProject section */

/* Begin PBXResourcesBuildPhase section */
		8B6F42E81D8E5009009F778F /* Resources */ = {
			isa = PBXResourcesBuildPhase;
			buildActionMask = 2147483647;
			files = (
				8B6F42F81D8E5009009F778F /* LaunchScreen.storyboard in Resources */,
				8B6F42F51D8E5009009F778F /* Assets.xcassets in Resources */,
				8B6F42F31D8E5009009F778F /* Main.storyboard in Resources */,
			);
			runOnlyForDeploymentPostprocessing = 0;
		};
		8B6F42FC1D8E5009009F778F /* Resources */ = {
			isa = PBXResourcesBuildPhase;
			buildActionMask = 2147483647;
			files = (
			);
			runOnlyForDeploymentPostprocessing = 0;
		};
		8B6F43071D8E5009009F778F /* Resources */ = {
			isa = PBXResourcesBuildPhase;
			buildActionMask = 2147483647;
			files = (
			);
			runOnlyForDeploymentPostprocessing = 0;
		};
/* End PBXResourcesBuildPhase section */

/* Begin PBXSourcesBuildPhase section */
		8B6F42E61D8E5009009F778F /* Sources */ = {
			isa = PBXSourcesBuildPhase;
			buildActionMask = 2147483647;
			files = (
				8B43387A1D8FA46500BBDC8C /* currentTimeModel.swift in Sources */,
				8B6F42F01D8E5009009F778F /* ViewController.swift in Sources */,
				8B6F42EE1D8E5009009F778F /* AppDelegate.swift in Sources */,
			);
			runOnlyForDeploymentPostprocessing = 0;
		};
		8B6F42FA1D8E5009009F778F /* Sources */ = {
			isa = PBXSourcesBuildPhase;
			buildActionMask = 2147483647;
			files = (
				8B6F43031D8E5009009F778F /* GetCurrentTimeAndDateTests.swift in Sources */,
			);
			runOnlyForDeploymentPostprocessing = 0;
		};
		8B6F43051D8E5009009F778F /* Sources */ = {
			isa = PBXSourcesBuildPhase;
			buildActionMask = 2147483647;
			files = (
				8B6F430E1D8E5009009F778F /* GetCurrentTimeAndDateUITests.swift in Sources */,
			);
			runOnlyForDeploymentPostprocessing = 0;
		};
/* End PBXSourcesBuildPhase section */

/* Begin PBXTargetDependency section */
		8B6F43001D8E5009009F778F /* PBXTargetDependency */ = {
			isa = PBXTargetDependency;
			target = 8B6F42E91D8E5009009F778F /* GetCurrentTimeAndDate */;
			targetProxy = 8B6F42FF1D8E5009009F778F /* PBXContainerItemProxy */;
		};
		8B6F430B1D8E5009009F778F /* PBXTargetDependency */ = {
			isa = PBXTargetDependency;
			target = 8B6F42E91D8E5009009F778F /* GetCurrentTimeAndDate */;
			targetProxy = 8B6F430A1D8E5009009F778F /* PBXContainerItemProxy */;
		};
/* End PBXTargetDependency section */

/* Begin PBXVariantGroup section */
		8B6F42F11D8E5009009F778F /* Main.storyboard */ = {
			isa = PBXVariantGroup;
			children = (
				8B6F42F21D8E5009009F778F /* Base */,
			);
			name = Main.storyboard;
			sourceTree = "<group>";
		};
		8B6F42F61D8E5009009F778F /* LaunchScreen.storyboard */ = {
			isa = PBXVariantGroup;
			children = (
				8B6F42F71D8E5009009F778F /* Base */,
			);
			name = LaunchScreen.storyboard;
			sourceTree = "<group>";
		};
/* End PBXVariantGroup section */

/* Begin XCBuildConfiguration section */
		8B6F43101D8E5009009F778F /* Debug */ = {
			isa = XCBuildConfiguration;
			buildSettings = {
				ALWAYS_SEARCH_USER_PATHS = NO;
				CLANG_ANALYZER_NONNULL = YES;
				CLANG_CXX_LANGUAGE_STANDARD = "gnu++0x";
				CLANG_CXX_LIBRARY = "libc++";
				CLANG_ENABLE_MODULES = YES;
				CLANG_ENABLE_OBJC_ARC = YES;
				CLANG_WARN_BOOL_CONVERSION = YES;
				CLANG_WARN_CONSTANT_CONVERSION = YES;
				CLANG_WARN_DIRECT_OBJC_ISA_USAGE = YES_ERROR;
				CLANG_WARN_DOCUMENTATION_COMMENTS = YES;
				CLANG_WARN_EMPTY_BODY = YES;
				CLANG_WARN_ENUM_CONVERSION = YES;
				CLANG_WARN_INFINITE_RECURSION = YES;
				CLANG_WARN_INT_CONVERSION = YES;
				CLANG_WARN_OBJC_ROOT_CLASS = YES_ERROR;
				CLANG_WARN_SUSPICIOUS_MOVES = YES;
				CLANG_WARN_UNREACHABLE_CODE = YES;
				CLANG_WARN__DUPLICATE_METHOD_MATCH = YES;
				"CODE_SIGN_IDENTITY[sdk=iphoneos*]" = "iPhone Developer";
				COPY_PHASE_STRIP = NO;
				DEBUG_INFORMATION_FORMAT = dwarf;
				ENABLE_STRICT_OBJC_MSGSEND = YES;
				ENABLE_TESTABILITY = YES;
				GCC_C_LANGUAGE_STANDARD = gnu99;
				GCC_DYNAMIC_NO_PIC = NO;
				GCC_NO_COMMON_BLOCKS = YES;
				GCC_OPTIMIZATION_LEVEL = 0;
				GCC_PREPROCESSOR_DEFINITIONS = (
					"DEBUG=1",
					"$(inherited)",
				);
				GCC_WARN_64_TO_32_BIT_CONVERSION = YES;
				GCC_WARN_ABOUT_RETURN_TYPE = YES_ERROR;
				GCC_WARN_UNDECLARED_SELECTOR = YES;
				GCC_WARN_UNINITIALIZED_AUTOS = YES_AGGRESSIVE;
				GCC_WARN_UNUSED_FUNCTION = YES;
				GCC_WARN_UNUSED_VARIABLE = YES;
				IPHONEOS_DEPLOYMENT_TARGET = 10.0;
				MTL_ENABLE_DEBUG_INFO = YES;
				ONLY_ACTIVE_ARCH = YES;
				SDKROOT = iphoneos;
				SWIFT_ACTIVE_COMPILATION_CONDITIONS = DEBUG;
				SWIFT_OPTIMIZATION_LEVEL = "-Onone";
			};
			name = Debug;
		};
		8B6F43111D8E5009009F778F /* Release */ = {
			isa = XCBuildConfiguration;
			buildSettings = {
				ALWAYS_SEARCH_USER_PATHS = NO;
				CLANG_ANALYZER_NONNULL = YES;
				CLANG_CXX_LANGUAGE_STANDARD = "gnu++0x";
				CLANG_CXX_LIBRARY = "libc++";
				CLANG_ENABLE_MODULES = YES;
				CLANG_ENABLE_OBJC_ARC = YES;
				CLANG_WARN_BOOL_CONVERSION = YES;
				CLANG_WARN_CONSTANT_CONVERSION = YES;
				CLANG_WARN_DIRECT_OBJC_ISA_USAGE = YES_ERROR;
				CLANG_WARN_DOCUMENTATION_COMMENTS = YES;
				CLANG_WARN_EMPTY_BODY = YES;
				CLANG_WARN_ENUM_CONVERSION = YES;
				CLANG_WARN_INFINITE_RECURSION = YES;
				CLANG_WARN_INT_CONVERSION = YES;
				CLANG_WARN_OBJC_ROOT_CLASS = YES_ERROR;
				CLANG_WARN_SUSPICIOUS_MOVES = YES;
				CLANG_WARN_UNREACHABLE_CODE = YES;
				CLANG_WARN__DUPLICATE_METHOD_MATCH = YES;
				"CODE_SIGN_IDENTITY[sdk=iphoneos*]" = "iPhone Developer";
				COPY_PHASE_STRIP = NO;
				DEBUG_INFORMATION_FORMAT = "dwarf-with-dsym";
				ENABLE_NS_ASSERTIONS = NO;
				ENABLE_STRICT_OBJC_MSGSEND = YES;
				GCC_C_LANGUAGE_STANDARD = gnu99;
				GCC_NO_COMMON_BLOCKS = YES;
				GCC_WARN_64_TO_32_BIT_CONVERSION = YES;
				GCC_WARN_ABOUT_RETURN_TYPE = YES_ERROR;
				GCC_WARN_UNDECLARED_SELECTOR = YES;
				GCC_WARN_UNINITIALIZED_AUTOS = YES_AGGRESSIVE;
				GCC_WARN_UNUSED_FUNCTION = YES;
				GCC_WARN_UNUSED_VARIABLE = YES;
				IPHONEOS_DEPLOYMENT_TARGET = 10.0;
				MTL_ENABLE_DEBUG_INFO = NO;
				SDKROOT = iphoneos;
				SWIFT_OPTIMIZATION_LEVEL = "-Owholemodule";
				VALIDATE_PRODUCT = YES;
			};
			name = Release;
		};
		8B6F43131D8E5009009F778F /* Debug */ = {
			isa = XCBuildConfiguration;
			buildSettings = {
				ASSETCATALOG_COMPILER_APPICON_NAME = AppIcon;
				DEVELOPMENT_TEAM = ZK629W38T6;
				INFOPLIST_FILE = GetCurrentTimeAndDate/Info.plist;
				IPHONEOS_DEPLOYMENT_TARGET = 10.0;
				LD_RUNPATH_SEARCH_PATHS = "$(inherited) @executable_path/Frameworks";
				PRODUCT_BUNDLE_IDENTIFIER = com.Boshi.GetCurrentTimeAndDate;
				PRODUCT_NAME = "$(TARGET_NAME)";
				SWIFT_VERSION = 3.0;
			};
			name = Debug;
		};
		8B6F43141D8E5009009F778F /* Release */ = {
			isa = XCBuildConfiguration;
			buildSettings = {
				ASSETCATALOG_COMPILER_APPICON_NAME = AppIcon;
				DEVELOPMENT_TEAM = ZK629W38T6;
				INFOPLIST_FILE = GetCurrentTimeAndDate/Info.plist;
				IPHONEOS_DEPLOYMENT_TARGET = 10.0;
				LD_RUNPATH_SEARCH_PATHS = "$(inherited) @executable_path/Frameworks";
				PRODUCT_BUNDLE_IDENTIFIER = com.Boshi.GetCurrentTimeAndDate;
				PRODUCT_NAME = "$(TARGET_NAME)";
				SWIFT_VERSION = 3.0;
			};
			name = Release;
		};
		8B6F43161D8E5009009F778F /* Debug */ = {
			isa = XCBuildConfiguration;
			buildSettings = {
				ALWAYS_EMBED_SWIFT_STANDARD_LIBRARIES = YES;
				BUNDLE_LOADER = "$(TEST_HOST)";
				DEVELOPMENT_TEAM = ZK629W38T6;
				INFOPLIST_FILE = GetCurrentTimeAndDateTests/Info.plist;
				LD_RUNPATH_SEARCH_PATHS = "$(inherited) @executable_path/Frameworks @loader_path/Frameworks";
				PRODUCT_BUNDLE_IDENTIFIER = com.Boshi.GetCurrentTimeAndDateTests;
				PRODUCT_NAME = "$(TARGET_NAME)";
				SWIFT_VERSION = 3.0;
				TEST_HOST = "$(BUILT_PRODUCTS_DIR)/GetCurrentTimeAndDate.app/GetCurrentTimeAndDate";
			};
			name = Debug;
		};
		8B6F43171D8E5009009F778F /* Release */ = {
			isa = XCBuildConfiguration;
			buildSettings = {
				ALWAYS_EMBED_SWIFT_STANDARD_LIBRARIES = YES;
				BUNDLE_LOADER = "$(TEST_HOST)";
				DEVELOPMENT_TEAM = ZK629W38T6;
				INFOPLIST_FILE = GetCurrentTimeAndDateTests/Info.plist;
				LD_RUNPATH_SEARCH_PATHS = "$(inherited) @executable_path/Frameworks @loader_path/Frameworks";
				PRODUCT_BUNDLE_IDENTIFIER = com.Boshi.GetCurrentTimeAndDateTests;
				PRODUCT_NAME = "$(TARGET_NAME)";
				SWIFT_VERSION = 3.0;
				TEST_HOST = "$(BUILT_PRODUCTS_DIR)/GetCurrentTimeAndDate.app/GetCurrentTimeAndDate";
			};
			name = Release;
		};
		8B6F43191D8E5009009F778F /* Debug */ = {
			isa = XCBuildConfiguration;
			buildSettings = {
				ALWAYS_EMBED_SWIFT_STANDARD_LIBRARIES = YES;
				DEVELOPMENT_TEAM = ZK629W38T6;
				INFOPLIST_FILE = GetCurrentTimeAndDateUITests/Info.plist;
				LD_RUNPATH_SEARCH_PATHS = "$(inherited) @executable_path/Frameworks @loader_path/Frameworks";
				PRODUCT_BUNDLE_IDENTIFIER = com.Boshi.GetCurrentTimeAndDateUITests;
				PRODUCT_NAME = "$(TARGET_NAME)";
				SWIFT_VERSION = 3.0;
				TEST_TARGET_NAME = GetCurrentTimeAndDate;
			};
			name = Debug;
		};
		8B6F431A1D8E5009009F778F /* Release */ = {
			isa = XCBuildConfiguration;
			buildSettings = {
				ALWAYS_EMBED_SWIFT_STANDARD_LIBRARIES = YES;
				DEVELOPMENT_TEAM = ZK629W38T6;
				INFOPLIST_FILE = GetCurrentTimeAndDateUITests/Info.plist;
				LD_RUNPATH_SEARCH_PATHS = "$(inherited) @executable_path/Frameworks @loader_path/Frameworks";
				PRODUCT_BUNDLE_IDENTIFIER = com.Boshi.GetCurrentTimeAndDateUITests;
				PRODUCT_NAME = "$(TARGET_NAME)";
				SWIFT_VERSION = 3.0;
				TEST_TARGET_NAME = GetCurrentTimeAndDate;
			};
			name = Release;
		};
/* End XCBuildConfiguration section */

/* Begin XCConfigurationList section */
		8B6F42E51D8E5009009F778F /* Build configuration list for PBXProject "GetCurrentTimeAndDate" */ = {
			isa = XCConfigurationList;
			buildConfigurations = (
				8B6F43101D8E5009009F778F /* Debug */,
				8B6F43111D8E5009009F778F /* Release */,
			);
			defaultConfigurationIsVisible = 0;
			defaultConfigurationName = Release;
		};
		8B6F43121D8E5009009F778F /* Build configuration list for PBXNativeTarget "GetCurrentTimeAndDate" */ = {
			isa = XCConfigurationList;
			buildConfigurations = (
				8B6F43131D8E5009009F778F /* Debug */,
				8B6F43141D8E5009009F778F /* Release */,
			);
			defaultConfigurationIsVisible = 0;
			defaultConfigurationName = Release;
		};
		8B6F43151D8E5009009F778F /* Build configuration list for PBXNativeTarget "GetCurrentTimeAndDateTests" */ = {
			isa = XCConfigurationList;
			buildConfigurations = (
				8B6F43161D8E5009009F778F /* Debug */,
				8B6F43171D8E5009009F778F /* Release */,
			);
			defaultConfigurationIsVisible = 0;
			defaultConfigurationName = Release;
		};
		8B6F43181D8E5009009F778F /* Build configuration list for PBXNativeTarget "GetCurrentTimeAndDateUITests" */ = {
			isa = XCConfigurationList;
			buildConfigurations = (
				8B6F43191D8E5009009F778F /* Debug */,
				8B6F431A1D8E5009009F778F /* Release */,
			);
			defaultConfigurationIsVisible = 0;
			defaultConfigurationName = Release;
		};
/* End XCConfigurationList section */
	};
	rootObject = 8B6F42E21D8E5009009F778F /* Project object */;
}
