// !$*UTF8*$!
{
	archiveVersion = 1;
	classes = {
	};
	objectVersion = 46;
	objects = {

/* Begin PBXBuildFile section */
		8B59B5BD1DA4A64600040987 /* AppDelegate.swift in Sources */ = {isa = PBXBuildFile; fileRef = 8B59B5BC1DA4A64600040987 /* AppDelegate.swift */; };
		8B59B5BF1DA4A64600040987 /* FaceViewController.swift in Sources */ = {isa = PBXBuildFile; fileRef = 8B59B5BE1DA4A64600040987 /* FaceViewController.swift */; };
		8B59B5C21DA4A64600040987 /* Main.storyboard in Resources */ = {isa = PBXBuildFile; fileRef = 8B59B5C01DA4A64600040987 /* Main.storyboard */; };
		8B59B5C41DA4A64600040987 /* Assets.xcassets in Resources */ = {isa = PBXBuildFile; fileRef = 8B59B5C31DA4A64600040987 /* Assets.xcassets */; };
		8B59B5C71DA4A64600040987 /* LaunchScreen.storyboard in Resources */ = {isa = PBXBuildFile; fileRef = 8B59B5C51DA4A64600040987 /* LaunchScreen.storyboard */; };
		8B59B5D01DA4A87700040987 /* FaceView.swift in Sources */ = {isa = PBXBuildFile; fileRef = 8B59B5CF1DA4A87700040987 /* FaceView.swift */; };
/* End PBXBuildFile section */

/* Begin PBXFileReference section */
		8B59B5B91DA4A64600040987 /* FaceIt.app */ = {isa = PBXFileReference; explicitFileType = wrapper.application; includeInIndex = 0; path = FaceIt.app; sourceTree = BUILT_PRODUCTS_DIR; };
		8B59B5BC1DA4A64600040987 /* AppDelegate.swift */ = {isa = PBXFileReference; lastKnownFileType = sourcecode.swift; path = AppDelegate.swift; sourceTree = "<group>"; };
		8B59B5BE1DA4A64600040987 /* FaceViewController.swift */ = {isa = PBXFileReference; lastKnownFileType = sourcecode.swift; path = FaceViewController.swift; sourceTree = "<group>"; };
		8B59B5C11DA4A64600040987 /* Base */ = {isa = PBXFileReference; lastKnownFileType = file.storyboard; name = Base; path = Base.lproj/Main.storyboard; sourceTree = "<group>"; };
		8B59B5C31DA4A64600040987 /* Assets.xcassets */ = {isa = PBXFileReference; lastKnownFileType = folder.assetcatalog; path = Assets.xcassets; sourceTree = "<group>"; };
		8B59B5C61DA4A64600040987 /* Base */ = {isa = PBXFileReference; lastKnownFileType = file.storyboard; name = Base; path = Base.lproj/LaunchScreen.storyboard; sourceTree = "<group>"; };
		8B59B5C81DA4A64600040987 /* Info.plist */ = {isa = PBXFileReference; lastKnownFileType = text.plist.xml; path = Info.plist; sourceTree = "<group>"; };
		8B59B5CF1DA4A87700040987 /* FaceView.swift */ = {isa = PBXFileReference; fileEncoding = 4; lastKnownFileType = sourcecode.swift; path = FaceView.swift; sourceTree = "<group>"; };
/* End PBXFileReference section */

/* Begin PBXFrameworksBuildPhase section */
		8B59B5B61DA4A64600040987 /* Frameworks */ = {
			isa = PBXFrameworksBuildPhase;
			buildActionMask = 2147483647;
			files = (
			);
			runOnlyForDeploymentPostprocessing = 0;
		};
/* End PBXFrameworksBuildPhase section */

/* Begin PBXGroup section */
		8B59B5B01DA4A64600040987 = {
			isa = PBXGroup;
			children = (
				8B59B5BB1DA4A64600040987 /* FaceIt */,
				8B59B5BA1DA4A64600040987 /* Products */,
			);
			sourceTree = "<group>";
		};
		8B59B5BA1DA4A64600040987 /* Products */ = {
			isa = PBXGroup;
			children = (
				8B59B5B91DA4A64600040987 /* FaceIt.app */,
			);
			name = Products;
			sourceTree = "<group>";
		};
		8B59B5BB1DA4A64600040987 /* FaceIt */ = {
			isa = PBXGroup;
			children = (
				8B59B5C01DA4A64600040987 /* Main.storyboard */,
				8B59B5CF1DA4A87700040987 /* FaceView.swift */,
				8B59B5BE1DA4A64600040987 /* FaceViewController.swift */,
				8B59B5CE1DA4A68C00040987 /* Supporting files */,
			);
			path = FaceIt;
			sourceTree = "<group>";
		};
		8B59B5CE1DA4A68C00040987 /* Supporting files */ = {
			isa = PBXGroup;
			children = (
				8B59B5BC1DA4A64600040987 /* AppDelegate.swift */,
				8B59B5C31DA4A64600040987 /* Assets.xcassets */,
				8B59B5C51DA4A64600040987 /* LaunchScreen.storyboard */,
				8B59B5C81DA4A64600040987 /* Info.plist */,
			);
			name = "Supporting files";
			sourceTree = "<group>";
		};
/* End PBXGroup section */

/* Begin PBXNativeTarget section */
		8B59B5B81DA4A64600040987 /* FaceIt */ = {
			isa = PBXNativeTarget;
			buildConfigurationList = 8B59B5CB1DA4A64600040987 /* Build configuration list for PBXNativeTarget "FaceIt" */;
			buildPhases = (
				8B59B5B51DA4A64600040987 /* Sources */,
				8B59B5B61DA4A64600040987 /* Frameworks */,
				8B59B5B71DA4A64600040987 /* Resources */,
			);
			buildRules = (
			);
			dependencies = (
			);
			name = FaceIt;
			productName = FaceIt;
			productReference = 8B59B5B91DA4A64600040987 /* FaceIt.app */;
			productType = "com.apple.product-type.application";
		};
/* End PBXNativeTarget section */

/* Begin PBXProject section */
		8B59B5B11DA4A64600040987 /* Project object */ = {
			isa = PBXProject;
			attributes = {
				LastSwiftUpdateCheck = 0800;
				LastUpgradeCheck = 0800;
				ORGANIZATIONNAME = "iOSTraingCamp_Boshi Li";
				TargetAttributes = {
					8B59B5B81DA4A64600040987 = {
						CreatedOnToolsVersion = 8.0;
						DevelopmentTeam = ZK629W38T6;
						ProvisioningStyle = Automatic;
					};
				};
			};
			buildConfigurationList = 8B59B5B41DA4A64600040987 /* Build configuration list for PBXProject "FaceIt" */;
			compatibilityVersion = "Xcode 3.2";
			developmentRegion = English;
			hasScannedForEncodings = 0;
			knownRegions = (
				en,
				Base,
			);
			mainGroup = 8B59B5B01DA4A64600040987;
			productRefGroup = 8B59B5BA1DA4A64600040987 /* Products */;
			projectDirPath = "";
			projectRoot = "";
			targets = (
				8B59B5B81DA4A64600040987 /* FaceIt */,
			);
		};
/* End PBXProject section */

/* Begin PBXResourcesBuildPhase section */
		8B59B5B71DA4A64600040987 /* Resources */ = {
			isa = PBXResourcesBuildPhase;
			buildActionMask = 2147483647;
			files = (
				8B59B5C71DA4A64600040987 /* LaunchScreen.storyboard in Resources */,
				8B59B5C41DA4A64600040987 /* Assets.xcassets in Resources */,
				8B59B5C21DA4A64600040987 /* Main.storyboard in Resources */,
			);
			runOnlyForDeploymentPostprocessing = 0;
		};
/* End PBXResourcesBuildPhase section */

/* Begin PBXSourcesBuildPhase section */
		8B59B5B51DA4A64600040987 /* Sources */ = {
			isa = PBXSourcesBuildPhase;
			buildActionMask = 2147483647;
			files = (
				8B59B5BF1DA4A64600040987 /* FaceViewController.swift in Sources */,
				8B59B5BD1DA4A64600040987 /* AppDelegate.swift in Sources */,
				8B59B5D01DA4A87700040987 /* FaceView.swift in Sources */,
			);
			runOnlyForDeploymentPostprocessing = 0;
		};
/* End PBXSourcesBuildPhase section */

/* Begin PBXVariantGroup section */
		8B59B5C01DA4A64600040987 /* Main.storyboard */ = {
			isa = PBXVariantGroup;
			children = (
				8B59B5C11DA4A64600040987 /* Base */,
			);
			name = Main.storyboard;
			sourceTree = "<group>";
		};
		8B59B5C51DA4A64600040987 /* LaunchScreen.storyboard */ = {
			isa = PBXVariantGroup;
			children = (
				8B59B5C61DA4A64600040987 /* Base */,
			);
			name = LaunchScreen.storyboard;
			sourceTree = "<group>";
		};
/* End PBXVariantGroup section */

/* Begin XCBuildConfiguration section */
		8B59B5C91DA4A64600040987 /* Debug */ = {
			isa = XCBuildConfiguration;
			buildSettings = {
				ALWAYS_SEARCH_USER_PATHS = NO;
				CLANG_ANALYZER_NONNULL = YES;
				CLANG_CXX_LANGUAGE_STANDARD = "gnu++0x";
				CLANG_CXX_LIBRARY = "libc++";
				CLANG_ENABLE_MODULES = YES;
				CLANG_ENABLE_OBJC_ARC = YES;
				CLANG_WARN_BOOL_CONVERSION = YES;
				CLANG_WARN_CONSTANT_CONVERSION = YES;
				CLANG_WARN_DIRECT_OBJC_ISA_USAGE = YES_ERROR;
				CLANG_WARN_DOCUMENTATION_COMMENTS = YES;
				CLANG_WARN_EMPTY_BODY = YES;
				CLANG_WARN_ENUM_CONVERSION = YES;
				CLANG_WARN_INFINITE_RECURSION = YES;
				CLANG_WARN_INT_CONVERSION = YES;
				CLANG_WARN_OBJC_ROOT_CLASS = YES_ERROR;
				CLANG_WARN_SUSPICIOUS_MOVES = YES;
				CLANG_WARN_UNREACHABLE_CODE = YES;
				CLANG_WARN__DUPLICATE_METHOD_MATCH = YES;
				"CODE_SIGN_IDENTITY[sdk=iphoneos*]" = "iPhone Developer";
				COPY_PHASE_STRIP = NO;
				DEBUG_INFORMATION_FORMAT = dwarf;
				ENABLE_STRICT_OBJC_MSGSEND = YES;
				ENABLE_TESTABILITY = YES;
				GCC_C_LANGUAGE_STANDARD = gnu99;
				GCC_DYNAMIC_NO_PIC = NO;
				GCC_NO_COMMON_BLOCKS = YES;
				GCC_OPTIMIZATION_LEVEL = 0;
				GCC_PREPROCESSOR_DEFINITIONS = (
					"DEBUG=1",
					"$(inherited)",
				);
				GCC_WARN_64_TO_32_BIT_CONVERSION = YES;
				GCC_WARN_ABOUT_RETURN_TYPE = YES_ERROR;
				GCC_WARN_UNDECLARED_SELECTOR = YES;
				GCC_WARN_UNINITIALIZED_AUTOS = YES_AGGRESSIVE;
				GCC_WARN_UNUSED_FUNCTION = YES;
				GCC_WARN_UNUSED_VARIABLE = YES;
				IPHONEOS_DEPLOYMENT_TARGET = 10.0;
				MTL_ENABLE_DEBUG_INFO = YES;
				ONLY_ACTIVE_ARCH = YES;
				SDKROOT = iphoneos;
				SWIFT_ACTIVE_COMPILATION_CONDITIONS = DEBUG;
				SWIFT_OPTIMIZATION_LEVEL = "-Onone";
				TARGETED_DEVICE_FAMILY = "1,2";
			};
			name = Debug;
		};
		8B59B5CA1DA4A64600040987 /* Release */ = {
			isa = XCBuildConfiguration;
			buildSettings = {
				ALWAYS_SEARCH_USER_PATHS = NO;
				CLANG_ANALYZER_NONNULL = YES;
				CLANG_CXX_LANGUAGE_STANDARD = "gnu++0x";
				CLANG_CXX_LIBRARY = "libc++";
				CLANG_ENABLE_MODULES = YES;
				CLANG_ENABLE_OBJC_ARC = YES;
				CLANG_WARN_BOOL_CONVERSION = YES;
				CLANG_WARN_CONSTANT_CONVERSION = YES;
				CLANG_WARN_DIRECT_OBJC_ISA_USAGE = YES_ERROR;
				CLANG_WARN_DOCUMENTATION_COMMENTS = YES;
				CLANG_WARN_EMPTY_BODY = YES;
				CLANG_WARN_ENUM_CONVERSION = YES;
				CLANG_WARN_INFINITE_RECURSION = YES;
				CLANG_WARN_INT_CONVERSION = YES;
				CLANG_WARN_OBJC_ROOT_CLASS = YES_ERROR;
				CLANG_WARN_SUSPICIOUS_MOVES = YES;
				CLANG_WARN_UNREACHABLE_CODE = YES;
				CLANG_WARN__DUPLICATE_METHOD_MATCH = YES;
				"CODE_SIGN_IDENTITY[sdk=iphoneos*]" = "iPhone Developer";
				COPY_PHASE_STRIP = NO;
				DEBUG_INFORMATION_FORMAT = "dwarf-with-dsym";
				ENABLE_NS_ASSERTIONS = NO;
				ENABLE_STRICT_OBJC_MSGSEND = YES;
				GCC_C_LANGUAGE_STANDARD = gnu99;
				GCC_NO_COMMON_BLOCKS = YES;
				GCC_WARN_64_TO_32_BIT_CONVERSION = YES;
				GCC_WARN_ABOUT_RETURN_TYPE = YES_ERROR;
				GCC_WARN_UNDECLARED_SELECTOR = YES;
				GCC_WARN_UNINITIALIZED_AUTOS = YES_AGGRESSIVE;
				GCC_WARN_UNUSED_FUNCTION = YES;
				GCC_WARN_UNUSED_VARIABLE = YES;
				IPHONEOS_DEPLOYMENT_TARGET = 10.0;
				MTL_ENABLE_DEBUG_INFO = NO;
				SDKROOT = iphoneos;
				SWIFT_OPTIMIZATION_LEVEL = "-Owholemodule";
				TARGETED_DEVICE_FAMILY = "1,2";
				VALIDATE_PRODUCT = YES;
			};
			name = Release;
		};
		8B59B5CC1DA4A64600040987 /* Debug */ = {
			isa = XCBuildConfiguration;
			buildSettings = {
				ASSETCATALOG_COMPILER_APPICON_NAME = AppIcon;
				DEVELOPMENT_TEAM = ZK629W38T6;
				INFOPLIST_FILE = FaceIt/Info.plist;
				LD_RUNPATH_SEARCH_PATHS = "$(inherited) @executable_path/Frameworks";
				PRODUCT_BUNDLE_IDENTIFIER = com.Boshi.FaceIt;
				PRODUCT_NAME = "$(TARGET_NAME)";
				SWIFT_VERSION = 3.0;
			};
			name = Debug;
		};
		8B59B5CD1DA4A64600040987 /* Release */ = {
			isa = XCBuildConfiguration;
			buildSettings = {
				ASSETCATALOG_COMPILER_APPICON_NAME = AppIcon;
				DEVELOPMENT_TEAM = ZK629W38T6;
				INFOPLIST_FILE = FaceIt/Info.plist;
				LD_RUNPATH_SEARCH_PATHS = "$(inherited) @executable_path/Frameworks";
				PRODUCT_BUNDLE_IDENTIFIER = com.Boshi.FaceIt;
				PRODUCT_NAME = "$(TARGET_NAME)";
				SWIFT_VERSION = 3.0;
			};
			name = Release;
		};
/* End XCBuildConfiguration section */

/* Begin XCConfigurationList section */
		8B59B5B41DA4A64600040987 /* Build configuration list for PBXProject "FaceIt" */ = {
			isa = XCConfigurationList;
			buildConfigurations = (
				8B59B5C91DA4A64600040987 /* Debug */,
				8B59B5CA1DA4A64600040987 /* Release */,
			);
			defaultConfigurationIsVisible = 0;
			defaultConfigurationName = Release;
		};
		8B59B5CB1DA4A64600040987 /* Build configuration list for PBXNativeTarget "FaceIt" */ = {
			isa = XCConfigurationList;
			buildConfigurations = (
				8B59B5CC1DA4A64600040987 /* Debug */,
				8B59B5CD1DA4A64600040987 /* Release */,
			);
			defaultConfigurationIsVisible = 0;
		};
/* End XCConfigurationList section */
	};
	rootObject = 8B59B5B11DA4A64600040987 /* Project object */;
}
