// !$*UTF8*$!
{
	archiveVersion = 1;
	classes = {
	};
	objectVersion = 46;
	objects = {

/* Begin PBXBuildFile section */
		8BE6F4591DD4440D00DFA7D4 /* AppDelegate.swift in Sources */ = {isa = PBXBuildFile; fileRef = 8BE6F4581DD4440D00DFA7D4 /* AppDelegate.swift */; };
		8BE6F45B1DD4440D00DFA7D4 /* ViewController.swift in Sources */ = {isa = PBXBuildFile; fileRef = 8BE6F45A1DD4440D00DFA7D4 /* ViewController.swift */; };
		8BE6F45E1DD4440D00DFA7D4 /* Main.storyboard in Resources */ = {isa = PBXBuildFile; fileRef = 8BE6F45C1DD4440D00DFA7D4 /* Main.storyboard */; };
		8BE6F4601DD4440D00DFA7D4 /* Assets.xcassets in Resources */ = {isa = PBXBuildFile; fileRef = 8BE6F45F1DD4440D00DFA7D4 /* Assets.xcassets */; };
		8BE6F4631DD4440D00DFA7D4 /* LaunchScreen.storyboard in Resources */ = {isa = PBXBuildFile; fileRef = 8BE6F4611DD4440D00DFA7D4 /* LaunchScreen.storyboard */; };
/* End PBXBuildFile section */

/* Begin PBXFileReference section */
		8BE6F4551DD4440D00DFA7D4 /* labelDemo.app */ = {isa = PBXFileReference; explicitFileType = wrapper.application; includeInIndex = 0; path = labelDemo.app; sourceTree = BUILT_PRODUCTS_DIR; };
		8BE6F4581DD4440D00DFA7D4 /* AppDelegate.swift */ = {isa = PBXFileReference; lastKnownFileType = sourcecode.swift; path = AppDelegate.swift; sourceTree = "<group>"; };
		8BE6F45A1DD4440D00DFA7D4 /* ViewController.swift */ = {isa = PBXFileReference; lastKnownFileType = sourcecode.swift; path = ViewController.swift; sourceTree = "<group>"; };
		8BE6F45D1DD4440D00DFA7D4 /* Base */ = {isa = PBXFileReference; lastKnownFileType = file.storyboard; name = Base; path = Base.lproj/Main.storyboard; sourceTree = "<group>"; };
		8BE6F45F1DD4440D00DFA7D4 /* Assets.xcassets */ = {isa = PBXFileReference; lastKnownFileType = folder.assetcatalog; path = Assets.xcassets; sourceTree = "<group>"; };
		8BE6F4621DD4440D00DFA7D4 /* Base */ = {isa = PBXFileReference; lastKnownFileType = file.storyboard; name = Base; path = Base.lproj/LaunchScreen.storyboard; sourceTree = "<group>"; };
		8BE6F4641DD4440D00DFA7D4 /* Info.plist */ = {isa = PBXFileReference; lastKnownFileType = text.plist.xml; path = Info.plist; sourceTree = "<group>"; };
/* End PBXFileReference section */

/* Begin PBXFrameworksBuildPhase section */
		8BE6F4521DD4440D00DFA7D4 /* Frameworks */ = {
			isa = PBXFrameworksBuildPhase;
			buildActionMask = 2147483647;
			files = (
			);
			runOnlyForDeploymentPostprocessing = 0;
		};
/* End PBXFrameworksBuildPhase section */

/* Begin PBXGroup section */
		8BE6F44C1DD4440C00DFA7D4 = {
			isa = PBXGroup;
			children = (
				8BE6F4571DD4440D00DFA7D4 /* labelDemo */,
				8BE6F4561DD4440D00DFA7D4 /* Products */,
			);
			sourceTree = "<group>";
		};
		8BE6F4561DD4440D00DFA7D4 /* Products */ = {
			isa = PBXGroup;
			children = (
				8BE6F4551DD4440D00DFA7D4 /* labelDemo.app */,
			);
			name = Products;
			sourceTree = "<group>";
		};
		8BE6F4571DD4440D00DFA7D4 /* labelDemo */ = {
			isa = PBXGroup;
			children = (
				8BE6F4581DD4440D00DFA7D4 /* AppDelegate.swift */,
				8BE6F45A1DD4440D00DFA7D4 /* ViewController.swift */,
				8BE6F45C1DD4440D00DFA7D4 /* Main.storyboard */,
				8BE6F45F1DD4440D00DFA7D4 /* Assets.xcassets */,
				8BE6F4611DD4440D00DFA7D4 /* LaunchScreen.storyboard */,
				8BE6F4641DD4440D00DFA7D4 /* Info.plist */,
			);
			path = labelDemo;
			sourceTree = "<group>";
		};
/* End PBXGroup section */

/* Begin PBXNativeTarget section */
		8BE6F4541DD4440D00DFA7D4 /* labelDemo */ = {
			isa = PBXNativeTarget;
			buildConfigurationList = 8BE6F4671DD4440D00DFA7D4 /* Build configuration list for PBXNativeTarget "labelDemo" */;
			buildPhases = (
				8BE6F4511DD4440D00DFA7D4 /* Sources */,
				8BE6F4521DD4440D00DFA7D4 /* Frameworks */,
				8BE6F4531DD4440D00DFA7D4 /* Resources */,
			);
			buildRules = (
			);
			dependencies = (
			);
			name = labelDemo;
			productName = labelDemo;
			productReference = 8BE6F4551DD4440D00DFA7D4 /* labelDemo.app */;
			productType = "com.apple.product-type.application";
		};
/* End PBXNativeTarget section */

/* Begin PBXProject section */
		8BE6F44D1DD4440D00DFA7D4 /* Project object */ = {
			isa = PBXProject;
			attributes = {
				LastSwiftUpdateCheck = 0810;
				LastUpgradeCheck = 0810;
				ORGANIZATIONNAME = "iOS TraingCamp-Boshi";
				TargetAttributes = {
					8BE6F4541DD4440D00DFA7D4 = {
						CreatedOnToolsVersion = 8.1;
						DevelopmentTeam = ZK629W38T6;
						ProvisioningStyle = Automatic;
					};
				};
			};
			buildConfigurationList = 8BE6F4501DD4440D00DFA7D4 /* Build configuration list for PBXProject "labelDemo" */;
			compatibilityVersion = "Xcode 3.2";
			developmentRegion = English;
			hasScannedForEncodings = 0;
			knownRegions = (
				en,
				Base,
			);
			mainGroup = 8BE6F44C1DD4440C00DFA7D4;
			productRefGroup = 8BE6F4561DD4440D00DFA7D4 /* Products */;
			projectDirPath = "";
			projectRoot = "";
			targets = (
				8BE6F4541DD4440D00DFA7D4 /* labelDemo */,
			);
		};
/* End PBXProject section */

/* Begin PBXResourcesBuildPhase section */
		8BE6F4531DD4440D00DFA7D4 /* Resources */ = {
			isa = PBXResourcesBuildPhase;
			buildActionMask = 2147483647;
			files = (
				8BE6F4631DD4440D00DFA7D4 /* LaunchScreen.storyboard in Resources */,
				8BE6F4601DD4440D00DFA7D4 /* Assets.xcassets in Resources */,
				8BE6F45E1DD4440D00DFA7D4 /* Main.storyboard in Resources */,
			);
			runOnlyForDeploymentPostprocessing = 0;
		};
/* End PBXResourcesBuildPhase section */

/* Begin PBXSourcesBuildPhase section */
		8BE6F4511DD4440D00DFA7D4 /* Sources */ = {
			isa = PBXSourcesBuildPhase;
			buildActionMask = 2147483647;
			files = (
				8BE6F45B1DD4440D00DFA7D4 /* ViewController.swift in Sources */,
				8BE6F4591DD4440D00DFA7D4 /* AppDelegate.swift in Sources */,
			);
			runOnlyForDeploymentPostprocessing = 0;
		};
/* End PBXSourcesBuildPhase section */

/* Begin PBXVariantGroup section */
		8BE6F45C1DD4440D00DFA7D4 /* Main.storyboard */ = {
			isa = PBXVariantGroup;
			children = (
				8BE6F45D1DD4440D00DFA7D4 /* Base */,
			);
			name = Main.storyboard;
			sourceTree = "<group>";
		};
		8BE6F4611DD4440D00DFA7D4 /* LaunchScreen.storyboard */ = {
			isa = PBXVariantGroup;
			children = (
				8BE6F4621DD4440D00DFA7D4 /* Base */,
			);
			name = LaunchScreen.storyboard;
			sourceTree = "<group>";
		};
/* End PBXVariantGroup section */

/* Begin XCBuildConfiguration section */
		8BE6F4651DD4440D00DFA7D4 /* Debug */ = {
			isa = XCBuildConfiguration;
			buildSettings = {
				ALWAYS_SEARCH_USER_PATHS = NO;
				CLANG_ANALYZER_NONNULL = YES;
				CLANG_CXX_LANGUAGE_STANDARD = "gnu++0x";
				CLANG_CXX_LIBRARY = "libc++";
				CLANG_ENABLE_MODULES = YES;
				CLANG_ENABLE_OBJC_ARC = YES;
				CLANG_WARN_BOOL_CONVERSION = YES;
				CLANG_WARN_CONSTANT_CONVERSION = YES;
				CLANG_WARN_DIRECT_OBJC_ISA_USAGE = YES_ERROR;
				CLANG_WARN_DOCUMENTATION_COMMENTS = YES;
				CLANG_WARN_EMPTY_BODY = YES;
				CLANG_WARN_ENUM_CONVERSION = YES;
				CLANG_WARN_INFINITE_RECURSION = YES;
				CLANG_WARN_INT_CONVERSION = YES;
				CLANG_WARN_OBJC_ROOT_CLASS = YES_ERROR;
				CLANG_WARN_SUSPICIOUS_MOVES = YES;
				CLANG_WARN_UNREACHABLE_CODE = YES;
				CLANG_WARN__DUPLICATE_METHOD_MATCH = YES;
				"CODE_SIGN_IDENTITY[sdk=iphoneos*]" = "iPhone Developer";
				COPY_PHASE_STRIP = NO;
				DEBUG_INFORMATION_FORMAT = dwarf;
				ENABLE_STRICT_OBJC_MSGSEND = YES;
				ENABLE_TESTABILITY = YES;
				GCC_C_LANGUAGE_STANDARD = gnu99;
				GCC_DYNAMIC_NO_PIC = NO;
				GCC_NO_COMMON_BLOCKS = YES;
				GCC_OPTIMIZATION_LEVEL = 0;
				GCC_PREPROCESSOR_DEFINITIONS = (
					"DEBUG=1",
					"$(inherited)",
				);
				GCC_WARN_64_TO_32_BIT_CONVERSION = YES;
				GCC_WARN_ABOUT_RETURN_TYPE = YES_ERROR;
				GCC_WARN_UNDECLARED_SELECTOR = YES;
				GCC_WARN_UNINITIALIZED_AUTOS = YES_AGGRESSIVE;
				GCC_WARN_UNUSED_FUNCTION = YES;
				GCC_WARN_UNUSED_VARIABLE = YES;
				IPHONEOS_DEPLOYMENT_TARGET = 10.1;
				MTL_ENABLE_DEBUG_INFO = YES;
				ONLY_ACTIVE_ARCH = YES;
				SDKROOT = iphoneos;
				SWIFT_ACTIVE_COMPILATION_CONDITIONS = DEBUG;
				SWIFT_OPTIMIZATION_LEVEL = "-Onone";
			};
			name = Debug;
		};
		8BE6F4661DD4440D00DFA7D4 /* Release */ = {
			isa = XCBuildConfiguration;
			buildSettings = {
				ALWAYS_SEARCH_USER_PATHS = NO;
				CLANG_ANALYZER_NONNULL = YES;
				CLANG_CXX_LANGUAGE_STANDARD = "gnu++0x";
				CLANG_CXX_LIBRARY = "libc++";
				CLANG_ENABLE_MODULES = YES;
				CLANG_ENABLE_OBJC_ARC = YES;
				CLANG_WARN_BOOL_CONVERSION = YES;
				CLANG_WARN_CONSTANT_CONVERSION = YES;
				CLANG_WARN_DIRECT_OBJC_ISA_USAGE = YES_ERROR;
				CLANG_WARN_DOCUMENTATION_COMMENTS = YES;
				CLANG_WARN_EMPTY_BODY = YES;
				CLANG_WARN_ENUM_CONVERSION = YES;
				CLANG_WARN_INFINITE_RECURSION = YES;
				CLANG_WARN_INT_CONVERSION = YES;
				CLANG_WARN_OBJC_ROOT_CLASS = YES_ERROR;
				CLANG_WARN_SUSPICIOUS_MOVES = YES;
				CLANG_WARN_UNREACHABLE_CODE = YES;
				CLANG_WARN__DUPLICATE_METHOD_MATCH = YES;
				"CODE_SIGN_IDENTITY[sdk=iphoneos*]" = "iPhone Developer";
				COPY_PHASE_STRIP = NO;
				DEBUG_INFORMATION_FORMAT = "dwarf-with-dsym";
				ENABLE_NS_ASSERTIONS = NO;
				ENABLE_STRICT_OBJC_MSGSEND = YES;
				GCC_C_LANGUAGE_STANDARD = gnu99;
				GCC_NO_COMMON_BLOCKS = YES;
				GCC_WARN_64_TO_32_BIT_CONVERSION = YES;
				GCC_WARN_ABOUT_RETURN_TYPE = YES_ERROR;
				GCC_WARN_UNDECLARED_SELECTOR = YES;
				GCC_WARN_UNINITIALIZED_AUTOS = YES_AGGRESSIVE;
				GCC_WARN_UNUSED_FUNCTION = YES;
				GCC_WARN_UNUSED_VARIABLE = YES;
				IPHONEOS_DEPLOYMENT_TARGET = 10.1;
				MTL_ENABLE_DEBUG_INFO = NO;
				SDKROOT = iphoneos;
				SWIFT_OPTIMIZATION_LEVEL = "-Owholemodule";
				VALIDATE_PRODUCT = YES;
			};
			name = Release;
		};
		8BE6F4681DD4440D00DFA7D4 /* Debug */ = {
			isa = XCBuildConfiguration;
			buildSettings = {
				ASSETCATALOG_COMPILER_APPICON_NAME = AppIcon;
				DEVELOPMENT_TEAM = ZK629W38T6;
				INFOPLIST_FILE = labelDemo/Info.plist;
				LD_RUNPATH_SEARCH_PATHS = "$(inherited) @executable_path/Frameworks";
				PRODUCT_BUNDLE_IDENTIFIER = com.Boshi.labelDemo;
				PRODUCT_NAME = "$(TARGET_NAME)";
				SWIFT_VERSION = 3.0;
			};
			name = Debug;
		};
		8BE6F4691DD4440D00DFA7D4 /* Release */ = {
			isa = XCBuildConfiguration;
			buildSettings = {
				ASSETCATALOG_COMPILER_APPICON_NAME = AppIcon;
				DEVELOPMENT_TEAM = ZK629W38T6;
				INFOPLIST_FILE = labelDemo/Info.plist;
				LD_RUNPATH_SEARCH_PATHS = "$(inherited) @executable_path/Frameworks";
				PRODUCT_BUNDLE_IDENTIFIER = com.Boshi.labelDemo;
				PRODUCT_NAME = "$(TARGET_NAME)";
				SWIFT_VERSION = 3.0;
			};
			name = Release;
		};
/* End XCBuildConfiguration section */

/* Begin XCConfigurationList section */
		8BE6F4501DD4440D00DFA7D4 /* Build configuration list for PBXProject "labelDemo" */ = {
			isa = XCConfigurationList;
			buildConfigurations = (
				8BE6F4651DD4440D00DFA7D4 /* Debug */,
				8BE6F4661DD4440D00DFA7D4 /* Release */,
			);
			defaultConfigurationIsVisible = 0;
			defaultConfigurationName = Release;
		};
		8BE6F4671DD4440D00DFA7D4 /* Build configuration list for PBXNativeTarget "labelDemo" */ = {
			isa = XCConfigurationList;
			buildConfigurations = (
				8BE6F4681DD4440D00DFA7D4 /* Debug */,
				8BE6F4691DD4440D00DFA7D4 /* Release */,
			);
			defaultConfigurationIsVisible = 0;
		};
/* End XCConfigurationList section */
	};
	rootObject = 8BE6F44D1DD4440D00DFA7D4 /* Project object */;
}
