// !$*UTF8*$!
{
	archiveVersion = 1;
	classes = {
	};
	objectVersion = 46;
	objects = {

/* Begin PBXBuildFile section */
		8B27D9811DC6F6F5007F2966 /* AppDelegate.swift in Sources */ = {isa = PBXBuildFile; fileRef = 8B27D9801DC6F6F5007F2966 /* AppDelegate.swift */; };
		8B27D9831DC6F6F5007F2966 /* ImageViewController.swift in Sources */ = {isa = PBXBuildFile; fileRef = 8B27D9821DC6F6F5007F2966 /* ImageViewController.swift */; };
		8B27D9861DC6F6F5007F2966 /* Main.storyboard in Resources */ = {isa = PBXBuildFile; fileRef = 8B27D9841DC6F6F5007F2966 /* Main.storyboard */; };
		8B27D9881DC6F6F5007F2966 /* Assets.xcassets in Resources */ = {isa = PBXBuildFile; fileRef = 8B27D9871DC6F6F5007F2966 /* Assets.xcassets */; };
		8B27D98B1DC6F6F5007F2966 /* LaunchScreen.storyboard in Resources */ = {isa = PBXBuildFile; fileRef = 8B27D9891DC6F6F5007F2966 /* LaunchScreen.storyboard */; };
/* End PBXBuildFile section */

/* Begin PBXFileReference section */
		8B27D97D1DC6F6F5007F2966 /* image scroller.app */ = {isa = PBXFileReference; explicitFileType = wrapper.application; includeInIndex = 0; path = "image scroller.app"; sourceTree = BUILT_PRODUCTS_DIR; };
		8B27D9801DC6F6F5007F2966 /* AppDelegate.swift */ = {isa = PBXFileReference; lastKnownFileType = sourcecode.swift; path = AppDelegate.swift; sourceTree = "<group>"; };
		8B27D9821DC6F6F5007F2966 /* ImageViewController.swift */ = {isa = PBXFileReference; lastKnownFileType = sourcecode.swift; path = ImageViewController.swift; sourceTree = "<group>"; };
		8B27D9851DC6F6F5007F2966 /* Base */ = {isa = PBXFileReference; lastKnownFileType = file.storyboard; name = Base; path = Base.lproj/Main.storyboard; sourceTree = "<group>"; };
		8B27D9871DC6F6F5007F2966 /* Assets.xcassets */ = {isa = PBXFileReference; lastKnownFileType = folder.assetcatalog; path = Assets.xcassets; sourceTree = "<group>"; };
		8B27D98A1DC6F6F5007F2966 /* Base */ = {isa = PBXFileReference; lastKnownFileType = file.storyboard; name = Base; path = Base.lproj/LaunchScreen.storyboard; sourceTree = "<group>"; };
		8B27D98C1DC6F6F5007F2966 /* Info.plist */ = {isa = PBXFileReference; lastKnownFileType = text.plist.xml; path = Info.plist; sourceTree = "<group>"; };
/* End PBXFileReference section */

/* Begin PBXFrameworksBuildPhase section */
		8B27D97A1DC6F6F4007F2966 /* Frameworks */ = {
			isa = PBXFrameworksBuildPhase;
			buildActionMask = 2147483647;
			files = (
			);
			runOnlyForDeploymentPostprocessing = 0;
		};
/* End PBXFrameworksBuildPhase section */

/* Begin PBXGroup section */
		8B27D9741DC6F6F4007F2966 = {
			isa = PBXGroup;
			children = (
				8B27D97F1DC6F6F5007F2966 /* image scroller */,
				8B27D97E1DC6F6F5007F2966 /* Products */,
			);
			sourceTree = "<group>";
		};
		8B27D97E1DC6F6F5007F2966 /* Products */ = {
			isa = PBXGroup;
			children = (
				8B27D97D1DC6F6F5007F2966 /* image scroller.app */,
			);
			name = Products;
			sourceTree = "<group>";
		};
		8B27D97F1DC6F6F5007F2966 /* image scroller */ = {
			isa = PBXGroup;
			children = (
				8B27D9921DC6F732007F2966 /* supporing files */,
				8B27D9821DC6F6F5007F2966 /* ImageViewController.swift */,
				8B27D9841DC6F6F5007F2966 /* Main.storyboard */,
			);
			path = "image scroller";
			sourceTree = "<group>";
		};
		8B27D9921DC6F732007F2966 /* supporing files */ = {
			isa = PBXGroup;
			children = (
				8B27D9801DC6F6F5007F2966 /* AppDelegate.swift */,
				8B27D9871DC6F6F5007F2966 /* Assets.xcassets */,
				8B27D9891DC6F6F5007F2966 /* LaunchScreen.storyboard */,
				8B27D98C1DC6F6F5007F2966 /* Info.plist */,
			);
			name = "supporing files";
			sourceTree = "<group>";
		};
/* End PBXGroup section */

/* Begin PBXNativeTarget section */
		8B27D97C1DC6F6F4007F2966 /* image scroller */ = {
			isa = PBXNativeTarget;
			buildConfigurationList = 8B27D98F1DC6F6F5007F2966 /* Build configuration list for PBXNativeTarget "image scroller" */;
			buildPhases = (
				8B27D9791DC6F6F4007F2966 /* Sources */,
				8B27D97A1DC6F6F4007F2966 /* Frameworks */,
				8B27D97B1DC6F6F4007F2966 /* Resources */,
			);
			buildRules = (
			);
			dependencies = (
			);
			name = "image scroller";
			productName = "image scroller";
			productReference = 8B27D97D1DC6F6F5007F2966 /* image scroller.app */;
			productType = "com.apple.product-type.application";
		};
/* End PBXNativeTarget section */

/* Begin PBXProject section */
		8B27D9751DC6F6F4007F2966 /* Project object */ = {
			isa = PBXProject;
			attributes = {
				LastSwiftUpdateCheck = 0810;
				LastUpgradeCheck = 0810;
				ORGANIZATIONNAME = "iOS TraingCamp-Boshi";
				TargetAttributes = {
					8B27D97C1DC6F6F4007F2966 = {
						CreatedOnToolsVersion = 8.1;
						DevelopmentTeam = ZK629W38T6;
						ProvisioningStyle = Automatic;
					};
				};
			};
			buildConfigurationList = 8B27D9781DC6F6F4007F2966 /* Build configuration list for PBXProject "image scroller" */;
			compatibilityVersion = "Xcode 3.2";
			developmentRegion = English;
			hasScannedForEncodings = 0;
			knownRegions = (
				en,
				Base,
			);
			mainGroup = 8B27D9741DC6F6F4007F2966;
			productRefGroup = 8B27D97E1DC6F6F5007F2966 /* Products */;
			projectDirPath = "";
			projectRoot = "";
			targets = (
				8B27D97C1DC6F6F4007F2966 /* image scroller */,
			);
		};
/* End PBXProject section */

/* Begin PBXResourcesBuildPhase section */
		8B27D97B1DC6F6F4007F2966 /* Resources */ = {
			isa = PBXResourcesBuildPhase;
			buildActionMask = 2147483647;
			files = (
				8B27D98B1DC6F6F5007F2966 /* LaunchScreen.storyboard in Resources */,
				8B27D9881DC6F6F5007F2966 /* Assets.xcassets in Resources */,
				8B27D9861DC6F6F5007F2966 /* Main.storyboard in Resources */,
			);
			runOnlyForDeploymentPostprocessing = 0;
		};
/* End PBXResourcesBuildPhase section */

/* Begin PBXSourcesBuildPhase section */
		8B27D9791DC6F6F4007F2966 /* Sources */ = {
			isa = PBXSourcesBuildPhase;
			buildActionMask = 2147483647;
			files = (
				8B27D9831DC6F6F5007F2966 /* ImageViewController.swift in Sources */,
				8B27D9811DC6F6F5007F2966 /* AppDelegate.swift in Sources */,
			);
			runOnlyForDeploymentPostprocessing = 0;
		};
/* End PBXSourcesBuildPhase section */

/* Begin PBXVariantGroup section */
		8B27D9841DC6F6F5007F2966 /* Main.storyboard */ = {
			isa = PBXVariantGroup;
			children = (
				8B27D9851DC6F6F5007F2966 /* Base */,
			);
			name = Main.storyboard;
			sourceTree = "<group>";
		};
		8B27D9891DC6F6F5007F2966 /* LaunchScreen.storyboard */ = {
			isa = PBXVariantGroup;
			children = (
				8B27D98A1DC6F6F5007F2966 /* Base */,
			);
			name = LaunchScreen.storyboard;
			sourceTree = "<group>";
		};
/* End PBXVariantGroup section */

/* Begin XCBuildConfiguration section */
		8B27D98D1DC6F6F5007F2966 /* Debug */ = {
			isa = XCBuildConfiguration;
			buildSettings = {
				ALWAYS_SEARCH_USER_PATHS = NO;
				CLANG_ANALYZER_NONNULL = YES;
				CLANG_CXX_LANGUAGE_STANDARD = "gnu++0x";
				CLANG_CXX_LIBRARY = "libc++";
				CLANG_ENABLE_MODULES = YES;
				CLANG_ENABLE_OBJC_ARC = YES;
				CLANG_WARN_BOOL_CONVERSION = YES;
				CLANG_WARN_CONSTANT_CONVERSION = YES;
				CLANG_WARN_DIRECT_OBJC_ISA_USAGE = YES_ERROR;
				CLANG_WARN_DOCUMENTATION_COMMENTS = YES;
				CLANG_WARN_EMPTY_BODY = YES;
				CLANG_WARN_ENUM_CONVERSION = YES;
				CLANG_WARN_INFINITE_RECURSION = YES;
				CLANG_WARN_INT_CONVERSION = YES;
				CLANG_WARN_OBJC_ROOT_CLASS = YES_ERROR;
				CLANG_WARN_SUSPICIOUS_MOVES = YES;
				CLANG_WARN_UNREACHABLE_CODE = YES;
				CLANG_WARN__DUPLICATE_METHOD_MATCH = YES;
				"CODE_SIGN_IDENTITY[sdk=iphoneos*]" = "iPhone Developer";
				COPY_PHASE_STRIP = NO;
				DEBUG_INFORMATION_FORMAT = dwarf;
				ENABLE_STRICT_OBJC_MSGSEND = YES;
				ENABLE_TESTABILITY = YES;
				GCC_C_LANGUAGE_STANDARD = gnu99;
				GCC_DYNAMIC_NO_PIC = NO;
				GCC_NO_COMMON_BLOCKS = YES;
				GCC_OPTIMIZATION_LEVEL = 0;
				GCC_PREPROCESSOR_DEFINITIONS = (
					"DEBUG=1",
					"$(inherited)",
				);
				GCC_WARN_64_TO_32_BIT_CONVERSION = YES;
				GCC_WARN_ABOUT_RETURN_TYPE = YES_ERROR;
				GCC_WARN_UNDECLARED_SELECTOR = YES;
				GCC_WARN_UNINITIALIZED_AUTOS = YES_AGGRESSIVE;
				GCC_WARN_UNUSED_FUNCTION = YES;
				GCC_WARN_UNUSED_VARIABLE = YES;
				IPHONEOS_DEPLOYMENT_TARGET = 10.1;
				MTL_ENABLE_DEBUG_INFO = YES;
				ONLY_ACTIVE_ARCH = YES;
				SDKROOT = iphoneos;
				SWIFT_ACTIVE_COMPILATION_CONDITIONS = DEBUG;
				SWIFT_OPTIMIZATION_LEVEL = "-Onone";
			};
			name = Debug;
		};
		8B27D98E1DC6F6F5007F2966 /* Release */ = {
			isa = XCBuildConfiguration;
			buildSettings = {
				ALWAYS_SEARCH_USER_PATHS = NO;
				CLANG_ANALYZER_NONNULL = YES;
				CLANG_CXX_LANGUAGE_STANDARD = "gnu++0x";
				CLANG_CXX_LIBRARY = "libc++";
				CLANG_ENABLE_MODULES = YES;
				CLANG_ENABLE_OBJC_ARC = YES;
				CLANG_WARN_BOOL_CONVERSION = YES;
				CLANG_WARN_CONSTANT_CONVERSION = YES;
				CLANG_WARN_DIRECT_OBJC_ISA_USAGE = YES_ERROR;
				CLANG_WARN_DOCUMENTATION_COMMENTS = YES;
				CLANG_WARN_EMPTY_BODY = YES;
				CLANG_WARN_ENUM_CONVERSION = YES;
				CLANG_WARN_INFINITE_RECURSION = YES;
				CLANG_WARN_INT_CONVERSION = YES;
				CLANG_WARN_OBJC_ROOT_CLASS = YES_ERROR;
				CLANG_WARN_SUSPICIOUS_MOVES = YES;
				CLANG_WARN_UNREACHABLE_CODE = YES;
				CLANG_WARN__DUPLICATE_METHOD_MATCH = YES;
				"CODE_SIGN_IDENTITY[sdk=iphoneos*]" = "iPhone Developer";
				COPY_PHASE_STRIP = NO;
				DEBUG_INFORMATION_FORMAT = "dwarf-with-dsym";
				ENABLE_NS_ASSERTIONS = NO;
				ENABLE_STRICT_OBJC_MSGSEND = YES;
				GCC_C_LANGUAGE_STANDARD = gnu99;
				GCC_NO_COMMON_BLOCKS = YES;
				GCC_WARN_64_TO_32_BIT_CONVERSION = YES;
				GCC_WARN_ABOUT_RETURN_TYPE = YES_ERROR;
				GCC_WARN_UNDECLARED_SELECTOR = YES;
				GCC_WARN_UNINITIALIZED_AUTOS = YES_AGGRESSIVE;
				GCC_WARN_UNUSED_FUNCTION = YES;
				GCC_WARN_UNUSED_VARIABLE = YES;
				IPHONEOS_DEPLOYMENT_TARGET = 10.1;
				MTL_ENABLE_DEBUG_INFO = NO;
				SDKROOT = iphoneos;
				SWIFT_OPTIMIZATION_LEVEL = "-Owholemodule";
				VALIDATE_PRODUCT = YES;
			};
			name = Release;
		};
		8B27D9901DC6F6F5007F2966 /* Debug */ = {
			isa = XCBuildConfiguration;
			buildSettings = {
				ASSETCATALOG_COMPILER_APPICON_NAME = AppIcon;
				DEVELOPMENT_TEAM = ZK629W38T6;
				INFOPLIST_FILE = "image scroller/Info.plist";
				LD_RUNPATH_SEARCH_PATHS = "$(inherited) @executable_path/Frameworks";
				PRODUCT_BUNDLE_IDENTIFIER = "com.Boshi.image-scroller";
				PRODUCT_NAME = "$(TARGET_NAME)";
				SWIFT_VERSION = 3.0;
			};
			name = Debug;
		};
		8B27D9911DC6F6F5007F2966 /* Release */ = {
			isa = XCBuildConfiguration;
			buildSettings = {
				ASSETCATALOG_COMPILER_APPICON_NAME = AppIcon;
				DEVELOPMENT_TEAM = ZK629W38T6;
				INFOPLIST_FILE = "image scroller/Info.plist";
				LD_RUNPATH_SEARCH_PATHS = "$(inherited) @executable_path/Frameworks";
				PRODUCT_BUNDLE_IDENTIFIER = "com.Boshi.image-scroller";
				PRODUCT_NAME = "$(TARGET_NAME)";
				SWIFT_VERSION = 3.0;
			};
			name = Release;
		};
/* End XCBuildConfiguration section */

/* Begin XCConfigurationList section */
		8B27D9781DC6F6F4007F2966 /* Build configuration list for PBXProject "image scroller" */ = {
			isa = XCConfigurationList;
			buildConfigurations = (
				8B27D98D1DC6F6F5007F2966 /* Debug */,
				8B27D98E1DC6F6F5007F2966 /* Release */,
			);
			defaultConfigurationIsVisible = 0;
			defaultConfigurationName = Release;
		};
		8B27D98F1DC6F6F5007F2966 /* Build configuration list for PBXNativeTarget "image scroller" */ = {
			isa = XCConfigurationList;
			buildConfigurations = (
				8B27D9901DC6F6F5007F2966 /* Debug */,
				8B27D9911DC6F6F5007F2966 /* Release */,
			);
			defaultConfigurationIsVisible = 0;
		};
/* End XCConfigurationList section */
	};
	rootObject = 8B27D9751DC6F6F4007F2966 /* Project object */;
}
